PODS:
  - MKAppKit/MKCombineLoadingAnimation (0.0.4)
  - MKAppKit/MKDiffuseMenu (0.0.4)
  - MKAppKit/MKDropdownMailTF (0.0.4)

DEPENDENCIES:
  - MKAppKit/MKCombineLoadingAnimation (from `../`)
  - MKAppKit/MKDiffuseMenu (from `../`)
  - MKAppKit/MKDropdownMailTF (from `../`)

EXTERNAL SOURCES:
  MKAppKit:
    :path: "../"

SPEC CHECKSUMS:
  MKAppKit: cf1e6704ed6820b77ed4a6090d3ba3d748eee124

PODFILE CHECKSUM: a8d9e0abef245a3628f80544692388d00693c54e

COCOAPODS: 1.6.1
