PODS:
  - MKAppKit/MKCombineLoadingAnimation (0.0.6)
  - MKAppKit/MKDiffuseMenu (0.0.6)
  - MKAppKit/MKDropdownMailTF (0.0.6)

DEPENDENCIES:
  - MKAppKit/MKCombineLoadingAnimation (from `../`)
  - MKAppKit/MKDiffuseMenu (from `../`)
  - MKAppKit/MKDropdownMailTF (from `../`)

EXTERNAL SOURCES:
  MKAppKit:
    :path: "../"

SPEC CHECKSUMS:
  MKAppKit: 1225f435680b2ddf7d8f8fdb2dc7494a853bd817

PODFILE CHECKSUM: 10843b90284ce3c5b5e143ce8f16df167b1b0009

COCOAPODS: 1.6.1
