PODS:
  - MKAppKit/MKCombineLoadingAnimation (0.0.1)
  - MKAppKit/MKDropdownMailTF (0.0.1)

DEPENDENCIES:
  - MKAppKit/MKCombineLoadingAnimation (from `../`)
  - MKAppKit/MKDropdownMailTF (from `../`)

EXTERNAL SOURCES:
  MKAppKit:
    :path: "../"

SPEC CHECKSUMS:
  MKAppKit: 5efc646a9cb1c13b670e28b1fa3c11f36bebeb1b

PODFILE CHECKSUM: efaf4c712c3af98580b3fa0bdef21b94f7a4e5b2

COCOAPODS: 1.6.1
