// !$*UTF8*$!
{
	archiveVersion = 1;
	classes = {
	};
	objectVersion = 51;
	objects = {

/* Begin PBXBuildFile section */
		18289DFD2292467800EB7FF2 /* MKPointWatch.m in Sources */ = {isa = PBXBuildFile; fileRef = 18289DFB2292467800EB7FF2 /* MKPointWatch.m */; };
		1847EB3C2276D90500E6E35D /* CombineLoadingAnimationVC.xib in Resources */ = {isa = PBXBuildFile; fileRef = 1847EB392276D90400E6E35D /* CombineLoadingAnimationVC.xib */; };
		1847EB3D2276D90500E6E35D /* CombineLoadingAnimationVC.m in Sources */ = {isa = PBXBuildFile; fileRef = 1847EB3A2276D90400E6E35D /* CombineLoadingAnimationVC.m */; };
		1847EB422276DD4900E6E35D /* DropdownMailTFVC.m in Sources */ = {isa = PBXBuildFile; fileRef = 1847EB412276DD4900E6E35D /* DropdownMailTFVC.m */; };
		1847EB442276DE6600E6E35D /* DropdownMailTFVC.xib in Resources */ = {isa = PBXBuildFile; fileRef = 1847EB432276DE6600E6E35D /* DropdownMailTFVC.xib */; };
		1847EB472276F73E00E6E35D /* DiffuseMenuVC.swift in Sources */ = {isa = PBXBuildFile; fileRef = 1847EB462276F73D00E6E35D /* DiffuseMenuVC.swift */; };
		1847EB492276F8F500E6E35D /* DiffuseMenuVC.xib in Resources */ = {isa = PBXBuildFile; fileRef = 1847EB482276F8F500E6E35D /* DiffuseMenuVC.xib */; };
		186FF05D229EA19600AFA303 /* MKJSON.m in Sources */ = {isa = PBXBuildFile; fileRef = 186FF05C229EA19600AFA303 /* MKJSON.m */; };
		186FF08A229F65A500AFA303 /* MKAppTests.m in Sources */ = {isa = PBXBuildFile; fileRef = 186FF089229F65A500AFA303 /* MKAppTests.m */; };
		186FF091229F65B500AFA303 /* MKCrashGuardTest.m in Sources */ = {isa = PBXBuildFile; fileRef = 186FF05F229F644500AFA303 /* MKCrashGuardTest.m */; };
		186FF093229F704600AFA303 /* CrashTest.m in Sources */ = {isa = PBXBuildFile; fileRef = 188F870C229E8F3C00A288D4 /* CrashTest.m */; };
		188F8704229E848B00A288D4 /* MKDebug.m in Sources */ = {isa = PBXBuildFile; fileRef = 188F8703229E848B00A288D4 /* MKDebug.m */; };
		188F8707229E85F600A288D4 /* MKFileManager.m in Sources */ = {isa = PBXBuildFile; fileRef = 188F8706229E85F600A288D4 /* MKFileManager.m */; };
		188F870A229E86DF00A288D4 /* MKFunctions.m in Sources */ = {isa = PBXBuildFile; fileRef = 188F8709229E86DF00A288D4 /* MKFunctions.m */; };
		18B0FB7722A4FBCB00CB5780 /* NSDictionary+MKCrashGuard.m in Sources */ = {isa = PBXBuildFile; fileRef = 18B0FB6022A4FBC800CB5780 /* NSDictionary+MKCrashGuard.m */; };
		18B0FB7822A4FBCB00CB5780 /* NSDictionary+MKCrashGuard.m in Sources */ = {isa = PBXBuildFile; fileRef = 18B0FB6022A4FBC800CB5780 /* NSDictionary+MKCrashGuard.m */; };
		18B0FB7922A4FBCB00CB5780 /* MKCrashGuardConst.m in Sources */ = {isa = PBXBuildFile; fileRef = 18B0FB6422A4FBC900CB5780 /* MKCrashGuardConst.m */; };
		18B0FB7A22A4FBCB00CB5780 /* MKCrashGuardConst.m in Sources */ = {isa = PBXBuildFile; fileRef = 18B0FB6422A4FBC900CB5780 /* MKCrashGuardConst.m */; };
		18B0FB7B22A4FBCB00CB5780 /* NSMutableArray+MKCrashGuard.m in Sources */ = {isa = PBXBuildFile; fileRef = 18B0FB6622A4FBC900CB5780 /* NSMutableArray+MKCrashGuard.m */; };
		18B0FB7C22A4FBCB00CB5780 /* NSMutableArray+MKCrashGuard.m in Sources */ = {isa = PBXBuildFile; fileRef = 18B0FB6622A4FBC900CB5780 /* NSMutableArray+MKCrashGuard.m */; };
		18B0FB7D22A4FBCB00CB5780 /* NSArray+MKCrashGuard.m in Sources */ = {isa = PBXBuildFile; fileRef = 18B0FB6822A4FBC900CB5780 /* NSArray+MKCrashGuard.m */; };
		18B0FB7E22A4FBCB00CB5780 /* NSArray+MKCrashGuard.m in Sources */ = {isa = PBXBuildFile; fileRef = 18B0FB6822A4FBC900CB5780 /* NSArray+MKCrashGuard.m */; };
		18B0FB7F22A4FBCB00CB5780 /* NSMutableString+MKCrashGuard.m in Sources */ = {isa = PBXBuildFile; fileRef = 18B0FB6A22A4FBCA00CB5780 /* NSMutableString+MKCrashGuard.m */; };
		18B0FB8022A4FBCB00CB5780 /* NSMutableString+MKCrashGuard.m in Sources */ = {isa = PBXBuildFile; fileRef = 18B0FB6A22A4FBCA00CB5780 /* NSMutableString+MKCrashGuard.m */; };
		18B0FB8122A4FBCB00CB5780 /* NSObject+MKCrashGuard.m in Sources */ = {isa = PBXBuildFile; fileRef = 18B0FB6C22A4FBCA00CB5780 /* NSObject+MKCrashGuard.m */; };
		18B0FB8322A4FBCB00CB5780 /* NSMutableAttributedString+MKCrashGuard.m in Sources */ = {isa = PBXBuildFile; fileRef = 18B0FB6D22A4FBCA00CB5780 /* NSMutableAttributedString+MKCrashGuard.m */; };
		18B0FB8422A4FBCB00CB5780 /* NSMutableAttributedString+MKCrashGuard.m in Sources */ = {isa = PBXBuildFile; fileRef = 18B0FB6D22A4FBCA00CB5780 /* NSMutableAttributedString+MKCrashGuard.m */; };
		18B0FB8522A4FBCB00CB5780 /* NSMutableDictionary+MKCrashGuard.m in Sources */ = {isa = PBXBuildFile; fileRef = 18B0FB7022A4FBCA00CB5780 /* NSMutableDictionary+MKCrashGuard.m */; };
		18B0FB8622A4FBCB00CB5780 /* NSMutableDictionary+MKCrashGuard.m in Sources */ = {isa = PBXBuildFile; fileRef = 18B0FB7022A4FBCA00CB5780 /* NSMutableDictionary+MKCrashGuard.m */; };
		18B0FB8722A4FBCB00CB5780 /* NSAttributedString+MKCrashGuard.m in Sources */ = {isa = PBXBuildFile; fileRef = 18B0FB7422A4FBCB00CB5780 /* NSAttributedString+MKCrashGuard.m */; };
		18B0FB8822A4FBCB00CB5780 /* NSAttributedString+MKCrashGuard.m in Sources */ = {isa = PBXBuildFile; fileRef = 18B0FB7422A4FBCB00CB5780 /* NSAttributedString+MKCrashGuard.m */; };
		18B0FB8922A4FBCB00CB5780 /* NSString+MKCrashGuard.m in Sources */ = {isa = PBXBuildFile; fileRef = 18B0FB7522A4FBCB00CB5780 /* NSString+MKCrashGuard.m */; };
		18B0FB8A22A4FBCB00CB5780 /* NSString+MKCrashGuard.m in Sources */ = {isa = PBXBuildFile; fileRef = 18B0FB7522A4FBCB00CB5780 /* NSString+MKCrashGuard.m */; };
		18BB8F70227318F6005EDC27 /* AppDelegate.m in Sources */ = {isa = PBXBuildFile; fileRef = 18BB8F6F227318F6005EDC27 /* AppDelegate.m */; };
		18BB8F73227318F6005EDC27 /* ViewController.m in Sources */ = {isa = PBXBuildFile; fileRef = 18BB8F72227318F6005EDC27 /* ViewController.m */; };
		18BB8F78227318FD005EDC27 /* Assets.xcassets in Resources */ = {isa = PBXBuildFile; fileRef = 18BB8F77227318FD005EDC27 /* Assets.xcassets */; };
		18BB8F7B227318FD005EDC27 /* LaunchScreen.storyboard in Resources */ = {isa = PBXBuildFile; fileRef = 18BB8F79227318FD005EDC27 /* LaunchScreen.storyboard */; };
		18BB8F7E227318FD005EDC27 /* main.m in Sources */ = {isa = PBXBuildFile; fileRef = 18BB8F7D227318FD005EDC27 /* main.m */; };
		18C1F56B22A4FDA5000F7CC4 /* MKCrashGuardManager.m in Sources */ = {isa = PBXBuildFile; fileRef = 18C1F56A22A4FDA4000F7CC4 /* MKCrashGuardManager.m */; };
		18C1F56C22A4FDA5000F7CC4 /* MKCrashGuardManager.m in Sources */ = {isa = PBXBuildFile; fileRef = 18C1F56A22A4FDA4000F7CC4 /* MKCrashGuardManager.m */; };
		18C1F58C22A631D2000F7CC4 /* CaseTest.m in Sources */ = {isa = PBXBuildFile; fileRef = 18C1F58B22A631D2000F7CC4 /* CaseTest.m */; };
		18C1F59522A66DE2000F7CC4 /* NSObject+MKSwizzleHook.m in Sources */ = {isa = PBXBuildFile; fileRef = 18C1F59422A66DE2000F7CC4 /* NSObject+MKSwizzleHook.m */; };
		CD14498602F8FFA94293C467 /* libPods-MKApp.a in Frameworks */ = {isa = PBXBuildFile; fileRef = 5E0AE6536CA56DED26768444 /* libPods-MKApp.a */; };
/* End PBXBuildFile section */

/* Begin PBXContainerItemProxy section */
		186FF08C229F65A500AFA303 /* PBXContainerItemProxy */ = {
			isa = PBXContainerItemProxy;
			containerPortal = 18BB8F63227318F6005EDC27 /* Project object */;
			proxyType = 1;
			remoteGlobalIDString = 18BB8F6A227318F6005EDC27;
			remoteInfo = MKApp;
		};
/* End PBXContainerItemProxy section */

/* Begin PBXFileReference section */
		18289DFB2292467800EB7FF2 /* MKPointWatch.m */ = {isa = PBXFileReference; fileEncoding = 4; lastKnownFileType = sourcecode.c.objc; path = MKPointWatch.m; sourceTree = "<group>"; };
		18289DFC2292467800EB7FF2 /* MKPointWatch.h */ = {isa = PBXFileReference; fileEncoding = 4; lastKnownFileType = sourcecode.c.h; path = MKPointWatch.h; sourceTree = "<group>"; };
		1847EB392276D90400E6E35D /* CombineLoadingAnimationVC.xib */ = {isa = PBXFileReference; fileEncoding = 4; lastKnownFileType = file.xib; path = CombineLoadingAnimationVC.xib; sourceTree = "<group>"; };
		1847EB3A2276D90400E6E35D /* CombineLoadingAnimationVC.m */ = {isa = PBXFileReference; fileEncoding = 4; lastKnownFileType = sourcecode.c.objc; path = CombineLoadingAnimationVC.m; sourceTree = "<group>"; };
		1847EB3B2276D90400E6E35D /* CombineLoadingAnimationVC.h */ = {isa = PBXFileReference; fileEncoding = 4; lastKnownFileType = sourcecode.c.h; path = CombineLoadingAnimationVC.h; sourceTree = "<group>"; };
		1847EB402276DD4900E6E35D /* DropdownMailTFVC.h */ = {isa = PBXFileReference; fileEncoding = 4; lastKnownFileType = sourcecode.c.h; path = DropdownMailTFVC.h; sourceTree = "<group>"; };
		1847EB412276DD4900E6E35D /* DropdownMailTFVC.m */ = {isa = PBXFileReference; fileEncoding = 4; lastKnownFileType = sourcecode.c.objc; path = DropdownMailTFVC.m; sourceTree = "<group>"; };
		1847EB432276DE6600E6E35D /* DropdownMailTFVC.xib */ = {isa = PBXFileReference; fileEncoding = 4; lastKnownFileType = file.xib; path = DropdownMailTFVC.xib; sourceTree = "<group>"; };
		1847EB452276F73D00E6E35D /* MKApp-Bridging-Header.h */ = {isa = PBXFileReference; lastKnownFileType = sourcecode.c.h; path = "MKApp-Bridging-Header.h"; sourceTree = "<group>"; };
		1847EB462276F73D00E6E35D /* DiffuseMenuVC.swift */ = {isa = PBXFileReference; lastKnownFileType = sourcecode.swift; path = DiffuseMenuVC.swift; sourceTree = "<group>"; };
		1847EB482276F8F500E6E35D /* DiffuseMenuVC.xib */ = {isa = PBXFileReference; fileEncoding = 4; lastKnownFileType = file.xib; path = DiffuseMenuVC.xib; sourceTree = "<group>"; };
		186FF05B229EA19600AFA303 /* MKJSON.h */ = {isa = PBXFileReference; fileEncoding = 4; lastKnownFileType = sourcecode.c.h; path = MKJSON.h; sourceTree = "<group>"; };
		186FF05C229EA19600AFA303 /* MKJSON.m */ = {isa = PBXFileReference; fileEncoding = 4; lastKnownFileType = sourcecode.c.objc; path = MKJSON.m; sourceTree = "<group>"; };
		186FF05F229F644500AFA303 /* MKCrashGuardTest.m */ = {isa = PBXFileReference; lastKnownFileType = sourcecode.c.objc; path = MKCrashGuardTest.m; sourceTree = "<group>"; };
		186FF087229F65A500AFA303 /* MKAppTests.xctest */ = {isa = PBXFileReference; explicitFileType = wrapper.cfbundle; includeInIndex = 0; path = MKAppTests.xctest; sourceTree = BUILT_PRODUCTS_DIR; };
		186FF089229F65A500AFA303 /* MKAppTests.m */ = {isa = PBXFileReference; lastKnownFileType = sourcecode.c.objc; path = MKAppTests.m; sourceTree = "<group>"; };
		186FF08B229F65A500AFA303 /* Info.plist */ = {isa = PBXFileReference; lastKnownFileType = text.plist.xml; path = Info.plist; sourceTree = "<group>"; };
		188F8702229E848B00A288D4 /* MKDebug.h */ = {isa = PBXFileReference; lastKnownFileType = sourcecode.c.h; path = MKDebug.h; sourceTree = "<group>"; };
		188F8703229E848B00A288D4 /* MKDebug.m */ = {isa = PBXFileReference; lastKnownFileType = sourcecode.c.objc; path = MKDebug.m; sourceTree = "<group>"; };
		188F8705229E85F600A288D4 /* MKFileManager.h */ = {isa = PBXFileReference; lastKnownFileType = sourcecode.c.h; path = MKFileManager.h; sourceTree = "<group>"; };
		188F8706229E85F600A288D4 /* MKFileManager.m */ = {isa = PBXFileReference; lastKnownFileType = sourcecode.c.objc; path = MKFileManager.m; sourceTree = "<group>"; };
		188F8708229E86DF00A288D4 /* MKFunctions.h */ = {isa = PBXFileReference; lastKnownFileType = sourcecode.c.h; path = MKFunctions.h; sourceTree = "<group>"; };
		188F8709229E86DF00A288D4 /* MKFunctions.m */ = {isa = PBXFileReference; lastKnownFileType = sourcecode.c.objc; path = MKFunctions.m; sourceTree = "<group>"; };
		188F870B229E8F3C00A288D4 /* CrashTest.h */ = {isa = PBXFileReference; lastKnownFileType = sourcecode.c.h; path = CrashTest.h; sourceTree = "<group>"; };
		188F870C229E8F3C00A288D4 /* CrashTest.m */ = {isa = PBXFileReference; lastKnownFileType = sourcecode.c.objc; path = CrashTest.m; sourceTree = "<group>"; };
		18B0FB6022A4FBC800CB5780 /* NSDictionary+MKCrashGuard.m */ = {isa = PBXFileReference; fileEncoding = 4; lastKnownFileType = sourcecode.c.objc; path = "NSDictionary+MKCrashGuard.m"; sourceTree = "<group>"; };
		18B0FB6222A4FBC900CB5780 /* MKCrashGuardProtocol.h */ = {isa = PBXFileReference; fileEncoding = 4; lastKnownFileType = sourcecode.c.h; path = MKCrashGuardProtocol.h; sourceTree = "<group>"; };
		18B0FB6322A4FBC900CB5780 /* NSMutableDictionary+MKCrashGuard.h */ = {isa = PBXFileReference; fileEncoding = 4; lastKnownFileType = sourcecode.c.h; path = "NSMutableDictionary+MKCrashGuard.h"; sourceTree = "<group>"; };
		18B0FB6422A4FBC900CB5780 /* MKCrashGuardConst.m */ = {isa = PBXFileReference; fileEncoding = 4; lastKnownFileType = sourcecode.c.objc; path = MKCrashGuardConst.m; sourceTree = "<group>"; };
		18B0FB6522A4FBC900CB5780 /* NSMutableArray+MKCrashGuard.h */ = {isa = PBXFileReference; fileEncoding = 4; lastKnownFileType = sourcecode.c.h; path = "NSMutableArray+MKCrashGuard.h"; sourceTree = "<group>"; };
		18B0FB6622A4FBC900CB5780 /* NSMutableArray+MKCrashGuard.m */ = {isa = PBXFileReference; fileEncoding = 4; lastKnownFileType = sourcecode.c.objc; path = "NSMutableArray+MKCrashGuard.m"; sourceTree = "<group>"; };
		18B0FB6722A4FBC900CB5780 /* MKCrashGuardConst.h */ = {isa = PBXFileReference; fileEncoding = 4; lastKnownFileType = sourcecode.c.h; path = MKCrashGuardConst.h; sourceTree = "<group>"; };
		18B0FB6822A4FBC900CB5780 /* NSArray+MKCrashGuard.m */ = {isa = PBXFileReference; fileEncoding = 4; lastKnownFileType = sourcecode.c.objc; path = "NSArray+MKCrashGuard.m"; sourceTree = "<group>"; };
		18B0FB6922A4FBCA00CB5780 /* NSMutableAttributedString+MKCrashGuard.h */ = {isa = PBXFileReference; fileEncoding = 4; lastKnownFileType = sourcecode.c.h; path = "NSMutableAttributedString+MKCrashGuard.h"; sourceTree = "<group>"; };
		18B0FB6A22A4FBCA00CB5780 /* NSMutableString+MKCrashGuard.m */ = {isa = PBXFileReference; fileEncoding = 4; lastKnownFileType = sourcecode.c.objc; path = "NSMutableString+MKCrashGuard.m"; sourceTree = "<group>"; };
		18B0FB6B22A4FBCA00CB5780 /* NSString+MKCrashGuard.h */ = {isa = PBXFileReference; fileEncoding = 4; lastKnownFileType = sourcecode.c.h; path = "NSString+MKCrashGuard.h"; sourceTree = "<group>"; };
		18B0FB6C22A4FBCA00CB5780 /* NSObject+MKCrashGuard.m */ = {isa = PBXFileReference; fileEncoding = 4; lastKnownFileType = sourcecode.c.objc; path = "NSObject+MKCrashGuard.m"; sourceTree = "<group>"; };
		18B0FB6D22A4FBCA00CB5780 /* NSMutableAttributedString+MKCrashGuard.m */ = {isa = PBXFileReference; fileEncoding = 4; lastKnownFileType = sourcecode.c.objc; path = "NSMutableAttributedString+MKCrashGuard.m"; sourceTree = "<group>"; };
		18B0FB6E22A4FBCA00CB5780 /* NSMutableString+MKCrashGuard.h */ = {isa = PBXFileReference; fileEncoding = 4; lastKnownFileType = sourcecode.c.h; path = "NSMutableString+MKCrashGuard.h"; sourceTree = "<group>"; };
		18B0FB6F22A4FBCA00CB5780 /* NSObject+MKCrashGuard.h */ = {isa = PBXFileReference; fileEncoding = 4; lastKnownFileType = sourcecode.c.h; path = "NSObject+MKCrashGuard.h"; sourceTree = "<group>"; };
		18B0FB7022A4FBCA00CB5780 /* NSMutableDictionary+MKCrashGuard.m */ = {isa = PBXFileReference; fileEncoding = 4; lastKnownFileType = sourcecode.c.objc; path = "NSMutableDictionary+MKCrashGuard.m"; sourceTree = "<group>"; };
		18B0FB7122A4FBCA00CB5780 /* NSDictionary+MKCrashGuard.h */ = {isa = PBXFileReference; fileEncoding = 4; lastKnownFileType = sourcecode.c.h; path = "NSDictionary+MKCrashGuard.h"; sourceTree = "<group>"; };
		18B0FB7222A4FBCB00CB5780 /* NSAttributedString+MKCrashGuard.h */ = {isa = PBXFileReference; fileEncoding = 4; lastKnownFileType = sourcecode.c.h; path = "NSAttributedString+MKCrashGuard.h"; sourceTree = "<group>"; };
		18B0FB7322A4FBCB00CB5780 /* NSArray+MKCrashGuard.h */ = {isa = PBXFileReference; fileEncoding = 4; lastKnownFileType = sourcecode.c.h; path = "NSArray+MKCrashGuard.h"; sourceTree = "<group>"; };
		18B0FB7422A4FBCB00CB5780 /* NSAttributedString+MKCrashGuard.m */ = {isa = PBXFileReference; fileEncoding = 4; lastKnownFileType = sourcecode.c.objc; path = "NSAttributedString+MKCrashGuard.m"; sourceTree = "<group>"; };
		18B0FB7522A4FBCB00CB5780 /* NSString+MKCrashGuard.m */ = {isa = PBXFileReference; fileEncoding = 4; lastKnownFileType = sourcecode.c.objc; path = "NSString+MKCrashGuard.m"; sourceTree = "<group>"; };
		18B6A1C92276CB94008B1B97 /* libPods-MKCombineLoadingAnimation.a */ = {isa = PBXFileReference; explicitFileType = archive.ar; path = "libPods-MKCombineLoadingAnimation.a"; sourceTree = BUILT_PRODUCTS_DIR; };
		18BB8F6B227318F6005EDC27 /* MKApp.app */ = {isa = PBXFileReference; explicitFileType = wrapper.application; includeInIndex = 0; path = MKApp.app; sourceTree = BUILT_PRODUCTS_DIR; };
		18BB8F6E227318F6005EDC27 /* AppDelegate.h */ = {isa = PBXFileReference; lastKnownFileType = sourcecode.c.h; path = AppDelegate.h; sourceTree = "<group>"; };
		18BB8F6F227318F6005EDC27 /* AppDelegate.m */ = {isa = PBXFileReference; lastKnownFileType = sourcecode.c.objc; path = AppDelegate.m; sourceTree = "<group>"; };
		18BB8F71227318F6005EDC27 /* ViewController.h */ = {isa = PBXFileReference; lastKnownFileType = sourcecode.c.h; path = ViewController.h; sourceTree = "<group>"; };
		18BB8F72227318F6005EDC27 /* ViewController.m */ = {isa = PBXFileReference; lastKnownFileType = sourcecode.c.objc; path = ViewController.m; sourceTree = "<group>"; };
		18BB8F77227318FD005EDC27 /* Assets.xcassets */ = {isa = PBXFileReference; lastKnownFileType = folder.assetcatalog; path = Assets.xcassets; sourceTree = "<group>"; };
		18BB8F7A227318FD005EDC27 /* Base */ = {isa = PBXFileReference; lastKnownFileType = file.storyboard; name = Base; path = Base.lproj/LaunchScreen.storyboard; sourceTree = "<group>"; };
		18BB8F7C227318FD005EDC27 /* Info.plist */ = {isa = PBXFileReference; lastKnownFileType = text.plist.xml; path = Info.plist; sourceTree = "<group>"; };
		18BB8F7D227318FD005EDC27 /* main.m */ = {isa = PBXFileReference; lastKnownFileType = sourcecode.c.objc; path = main.m; sourceTree = "<group>"; };
		18C1F56922A4FDA4000F7CC4 /* MKCrashGuardManager.h */ = {isa = PBXFileReference; fileEncoding = 4; lastKnownFileType = sourcecode.c.h; path = MKCrashGuardManager.h; sourceTree = "<group>"; };
		18C1F56A22A4FDA4000F7CC4 /* MKCrashGuardManager.m */ = {isa = PBXFileReference; fileEncoding = 4; lastKnownFileType = sourcecode.c.objc; path = MKCrashGuardManager.m; sourceTree = "<group>"; };
		18C1F58A22A631D2000F7CC4 /* CaseTest.h */ = {isa = PBXFileReference; lastKnownFileType = sourcecode.c.h; path = CaseTest.h; sourceTree = "<group>"; };
		18C1F58B22A631D2000F7CC4 /* CaseTest.m */ = {isa = PBXFileReference; lastKnownFileType = sourcecode.c.objc; path = CaseTest.m; sourceTree = "<group>"; };
		18C1F59322A66DE2000F7CC4 /* NSObject+MKSwizzleHook.h */ = {isa = PBXFileReference; lastKnownFileType = sourcecode.c.h; path = "NSObject+MKSwizzleHook.h"; sourceTree = "<group>"; };
		18C1F59422A66DE2000F7CC4 /* NSObject+MKSwizzleHook.m */ = {isa = PBXFileReference; lastKnownFileType = sourcecode.c.objc; path = "NSObject+MKSwizzleHook.m"; sourceTree = "<group>"; };
		489DBB6E3C85E44985C5B368 /* Pods-MKApp.debug.xcconfig */ = {isa = PBXFileReference; includeInIndex = 1; lastKnownFileType = text.xcconfig; name = "Pods-MKApp.debug.xcconfig"; path = "Target Support Files/Pods-MKApp/Pods-MKApp.debug.xcconfig"; sourceTree = "<group>"; };
		51C84C6B4D5F2935E0157851 /* Pods-MKApp.release.xcconfig */ = {isa = PBXFileReference; includeInIndex = 1; lastKnownFileType = text.xcconfig; name = "Pods-MKApp.release.xcconfig"; path = "Target Support Files/Pods-MKApp/Pods-MKApp.release.xcconfig"; sourceTree = "<group>"; };
		5E0AE6536CA56DED26768444 /* libPods-MKApp.a */ = {isa = PBXFileReference; explicitFileType = archive.ar; includeInIndex = 0; path = "libPods-MKApp.a"; sourceTree = BUILT_PRODUCTS_DIR; };
/* End PBXFileReference section */

/* Begin PBXFrameworksBuildPhase section */
		186FF084229F65A500AFA303 /* Frameworks */ = {
			isa = PBXFrameworksBuildPhase;
			buildActionMask = 2147483647;
			files = (
			);
			runOnlyForDeploymentPostprocessing = 0;
		};
		18BB8F68227318F6005EDC27 /* Frameworks */ = {
			isa = PBXFrameworksBuildPhase;
			buildActionMask = 2147483647;
			files = (
				CD14498602F8FFA94293C467 /* libPods-MKApp.a in Frameworks */,
			);
			runOnlyForDeploymentPostprocessing = 0;
		};
/* End PBXFrameworksBuildPhase section */

/* Begin PBXGroup section */
		10EC0656117E5ABE37F18C19 /* Frameworks */ = {
			isa = PBXGroup;
			children = (
				18B6A1C92276CB94008B1B97 /* libPods-MKCombineLoadingAnimation.a */,
				5E0AE6536CA56DED26768444 /* libPods-MKApp.a */,
			);
			name = Frameworks;
			sourceTree = "<group>";
		};
		1822A718228BF2FD00152CA5 /* MKMonitor */ = {
			isa = PBXGroup;
			children = (
				1822A719228BF2FD00152CA5 /* MKEnergyMonitor */,
				1822A71A228BF2FD00152CA5 /* MKCrashMonitor */,
				1822A71B228BF2FD00152CA5 /* MKLaunchMonitor */,
				1822A722228BF2FD00152CA5 /* MKMemoryMonitor */,
				1822A723228BF2FD00152CA5 /* MKNetworkMonitor */,
				1822A724228BF2FD00152CA5 /* MKCPUMonitor */,
				1822A725228BF2FD00152CA5 /* MKRenderMonitor */,
			);
			name = MKMonitor;
			path = ../MKAppKit/MKMonitor;
			sourceTree = "<group>";
		};
		1822A719228BF2FD00152CA5 /* MKEnergyMonitor */ = {
			isa = PBXGroup;
			children = (
			);
			path = MKEnergyMonitor;
			sourceTree = "<group>";
		};
		1822A71A228BF2FD00152CA5 /* MKCrashMonitor */ = {
			isa = PBXGroup;
			children = (
			);
			path = MKCrashMonitor;
			sourceTree = "<group>";
		};
		1822A71B228BF2FD00152CA5 /* MKLaunchMonitor */ = {
			isa = PBXGroup;
			children = (
				18289DFC2292467800EB7FF2 /* MKPointWatch.h */,
				18289DFB2292467800EB7FF2 /* MKPointWatch.m */,
			);
			path = MKLaunchMonitor;
			sourceTree = "<group>";
		};
		1822A722228BF2FD00152CA5 /* MKMemoryMonitor */ = {
			isa = PBXGroup;
			children = (
			);
			path = MKMemoryMonitor;
			sourceTree = "<group>";
		};
		1822A723228BF2FD00152CA5 /* MKNetworkMonitor */ = {
			isa = PBXGroup;
			children = (
			);
			path = MKNetworkMonitor;
			sourceTree = "<group>";
		};
		1822A724228BF2FD00152CA5 /* MKCPUMonitor */ = {
			isa = PBXGroup;
			children = (
			);
			path = MKCPUMonitor;
			sourceTree = "<group>";
		};
		1822A725228BF2FD00152CA5 /* MKRenderMonitor */ = {
			isa = PBXGroup;
			children = (
			);
			path = MKRenderMonitor;
			sourceTree = "<group>";
		};
		1847EB382276D8E600E6E35D /* DemoVC */ = {
			isa = PBXGroup;
			children = (
				1847EB3F2276DD4000E6E35D /* UIKit */,
				1847EB3E2276D91100E6E35D /* Animation */,
			);
			path = DemoVC;
			sourceTree = "<group>";
		};
		1847EB3E2276D91100E6E35D /* Animation */ = {
			isa = PBXGroup;
			children = (
				1847EB3B2276D90400E6E35D /* CombineLoadingAnimationVC.h */,
				1847EB3A2276D90400E6E35D /* CombineLoadingAnimationVC.m */,
				1847EB392276D90400E6E35D /* CombineLoadingAnimationVC.xib */,
				1847EB462276F73D00E6E35D /* DiffuseMenuVC.swift */,
				1847EB482276F8F500E6E35D /* DiffuseMenuVC.xib */,
				1847EB452276F73D00E6E35D /* MKApp-Bridging-Header.h */,
			);
			path = Animation;
			sourceTree = "<group>";
		};
		1847EB3F2276DD4000E6E35D /* UIKit */ = {
			isa = PBXGroup;
			children = (
				1847EB402276DD4900E6E35D /* DropdownMailTFVC.h */,
				1847EB412276DD4900E6E35D /* DropdownMailTFVC.m */,
				1847EB432276DE6600E6E35D /* DropdownMailTFVC.xib */,
			);
			path = UIKit;
			sourceTree = "<group>";
		};
		186FF05A229EA18D00AFA303 /* MKFoundation */ = {
			isa = PBXGroup;
			children = (
				186FF05B229EA19600AFA303 /* MKJSON.h */,
				186FF05C229EA19600AFA303 /* MKJSON.m */,
			);
			name = MKFoundation;
			path = ../MKAppKit/MKFoundation;
			sourceTree = "<group>";
		};
		186FF088229F65A500AFA303 /* MKAppTests */ = {
			isa = PBXGroup;
			children = (
				186FF05F229F644500AFA303 /* MKCrashGuardTest.m */,
				186FF089229F65A500AFA303 /* MKAppTests.m */,
				186FF08B229F65A500AFA303 /* Info.plist */,
			);
			path = MKAppTests;
			sourceTree = "<group>";
		};
		188F8701229E845500A288D4 /* MKTool */ = {
			isa = PBXGroup;
			children = (
				188F8702229E848B00A288D4 /* MKDebug.h */,
				188F8703229E848B00A288D4 /* MKDebug.m */,
				188F8705229E85F600A288D4 /* MKFileManager.h */,
				188F8706229E85F600A288D4 /* MKFileManager.m */,
				188F8708229E86DF00A288D4 /* MKFunctions.h */,
				188F8709229E86DF00A288D4 /* MKFunctions.m */,
			);
			name = MKTool;
			path = ../MKAppKit/MKTool;
			sourceTree = "<group>";
		};
		18B0FB1922A1038F00CB5780 /* MKCrashGuard */ = {
			isa = PBXGroup;
			children = (
				18C1F59622A66E04000F7CC4 /* hook */,
				18C1F59722A681CC000F7CC4 /* swizzleoop */,
				18C1F59122A6479C000F7CC4 /* swizzlestruct */,
				18B0FB6722A4FBC900CB5780 /* MKCrashGuardConst.h */,
				18B0FB6422A4FBC900CB5780 /* MKCrashGuardConst.m */,
				18B0FB6222A4FBC900CB5780 /* MKCrashGuardProtocol.h */,
				18C1F56922A4FDA4000F7CC4 /* MKCrashGuardManager.h */,
				18C1F56A22A4FDA4000F7CC4 /* MKCrashGuardManager.m */,
			);
			name = MKCrashGuard;
			path = ../MKAppKit/MKCrashGuard;
			sourceTree = "<group>";
		};
		18BB8F62227318F6005EDC27 = {
			isa = PBXGroup;
			children = (
				18B0FB1922A1038F00CB5780 /* MKCrashGuard */,
				186FF05A229EA18D00AFA303 /* MKFoundation */,
				188F8701229E845500A288D4 /* MKTool */,
				1822A718228BF2FD00152CA5 /* MKMonitor */,
				1847EB382276D8E600E6E35D /* DemoVC */,
				18BB8F6D227318F6005EDC27 /* MKApp */,
				186FF088229F65A500AFA303 /* MKAppTests */,
				18BB8F6C227318F6005EDC27 /* Products */,
				E995972D87E273576838631C /* Pods */,
				10EC0656117E5ABE37F18C19 /* Frameworks */,
			);
			sourceTree = "<group>";
		};
		18BB8F6C227318F6005EDC27 /* Products */ = {
			isa = PBXGroup;
			children = (
				18BB8F6B227318F6005EDC27 /* MKApp.app */,
				186FF087229F65A500AFA303 /* MKAppTests.xctest */,
			);
			name = Products;
			sourceTree = "<group>";
		};
		18BB8F6D227318F6005EDC27 /* MKApp */ = {
			isa = PBXGroup;
			children = (
				18C1F58D22A631DC000F7CC4 /* Test */,
				18BB8F6E227318F6005EDC27 /* AppDelegate.h */,
				18BB8F6F227318F6005EDC27 /* AppDelegate.m */,
				18BB8F71227318F6005EDC27 /* ViewController.h */,
				18BB8F72227318F6005EDC27 /* ViewController.m */,
				18BB8F77227318FD005EDC27 /* Assets.xcassets */,
				18BB8F79227318FD005EDC27 /* LaunchScreen.storyboard */,
				18BB8F7C227318FD005EDC27 /* Info.plist */,
				18BB8F7D227318FD005EDC27 /* main.m */,
			);
			path = MKApp;
			sourceTree = "<group>";
		};
		18C1F58D22A631DC000F7CC4 /* Test */ = {
			isa = PBXGroup;
			children = (
				18C1F58A22A631D2000F7CC4 /* CaseTest.h */,
				18C1F58B22A631D2000F7CC4 /* CaseTest.m */,
				188F870B229E8F3C00A288D4 /* CrashTest.h */,
				188F870C229E8F3C00A288D4 /* CrashTest.m */,
			);
			path = Test;
			sourceTree = "<group>";
		};
		18C1F59122A6479C000F7CC4 /* swizzlestruct */ = {
			isa = PBXGroup;
			children = (
				18B0FB7222A4FBCB00CB5780 /* NSAttributedString+MKCrashGuard.h */,
				18B0FB7422A4FBCB00CB5780 /* NSAttributedString+MKCrashGuard.m */,
				18B0FB7322A4FBCB00CB5780 /* NSArray+MKCrashGuard.h */,
				18B0FB6822A4FBC900CB5780 /* NSArray+MKCrashGuard.m */,
				18B0FB7122A4FBCA00CB5780 /* NSDictionary+MKCrashGuard.h */,
				18B0FB6022A4FBC800CB5780 /* NSDictionary+MKCrashGuard.m */,
				18B0FB6522A4FBC900CB5780 /* NSMutableArray+MKCrashGuard.h */,
				18B0FB6622A4FBC900CB5780 /* NSMutableArray+MKCrashGuard.m */,
				18B0FB6922A4FBCA00CB5780 /* NSMutableAttributedString+MKCrashGuard.h */,
				18B0FB6D22A4FBCA00CB5780 /* NSMutableAttributedString+MKCrashGuard.m */,
				18B0FB6322A4FBC900CB5780 /* NSMutableDictionary+MKCrashGuard.h */,
				18B0FB7022A4FBCA00CB5780 /* NSMutableDictionary+MKCrashGuard.m */,
				18B0FB6E22A4FBCA00CB5780 /* NSMutableString+MKCrashGuard.h */,
				18B0FB6A22A4FBCA00CB5780 /* NSMutableString+MKCrashGuard.m */,
				18B0FB6B22A4FBCA00CB5780 /* NSString+MKCrashGuard.h */,
				18B0FB7522A4FBCB00CB5780 /* NSString+MKCrashGuard.m */,
			);
			path = swizzlestruct;
			sourceTree = "<group>";
		};
		18C1F59622A66E04000F7CC4 /* hook */ = {
			isa = PBXGroup;
			children = (
				18B0FB6F22A4FBCA00CB5780 /* NSObject+MKCrashGuard.h */,
				18B0FB6C22A4FBCA00CB5780 /* NSObject+MKCrashGuard.m */,
				18C1F59322A66DE2000F7CC4 /* NSObject+MKSwizzleHook.h */,
				18C1F59422A66DE2000F7CC4 /* NSObject+MKSwizzleHook.m */,
			);
			path = hook;
			sourceTree = "<group>";
		};
		18C1F59722A681CC000F7CC4 /* swizzleoop */ = {
			isa = PBXGroup;
			children = (
			);
			path = swizzleoop;
			sourceTree = "<group>";
		};
		E995972D87E273576838631C /* Pods */ = {
			isa = PBXGroup;
			children = (
				489DBB6E3C85E44985C5B368 /* Pods-MKApp.debug.xcconfig */,
				51C84C6B4D5F2935E0157851 /* Pods-MKApp.release.xcconfig */,
			);
			path = Pods;
			sourceTree = "<group>";
		};
/* End PBXGroup section */

/* Begin PBXNativeTarget section */
		186FF086229F65A500AFA303 /* MKAppTests */ = {
			isa = PBXNativeTarget;
			buildConfigurationList = 186FF08E229F65A500AFA303 /* Build configuration list for PBXNativeTarget "MKAppTests" */;
			buildPhases = (
				186FF083229F65A500AFA303 /* Sources */,
				186FF084229F65A500AFA303 /* Frameworks */,
				186FF085229F65A500AFA303 /* Resources */,
			);
			buildRules = (
			);
			dependencies = (
				186FF08D229F65A500AFA303 /* PBXTargetDependency */,
			);
			name = MKAppTests;
			productName = MKAppTests;
			productReference = 186FF087229F65A500AFA303 /* MKAppTests.xctest */;
			productType = "com.apple.product-type.bundle.unit-test";
		};
		18BB8F6A227318F6005EDC27 /* MKApp */ = {
			isa = PBXNativeTarget;
			buildConfigurationList = 18BB8F81227318FD005EDC27 /* Build configuration list for PBXNativeTarget "MKApp" */;
			buildPhases = (
				6F5E8022B4F0EC9C2038C9C6 /* [CP] Check Pods Manifest.lock */,
				18BB8F67227318F6005EDC27 /* Sources */,
				18BB8F68227318F6005EDC27 /* Frameworks */,
				18BB8F69227318F6005EDC27 /* Resources */,
				FBB93356DD72C05B60AE9D58 /* [CP] Copy Pods Resources */,
			);
			buildRules = (
			);
			dependencies = (
			);
			name = MKApp;
			productName = MKApp;
			productReference = 18BB8F6B227318F6005EDC27 /* MKApp.app */;
			productType = "com.apple.product-type.application";
		};
/* End PBXNativeTarget section */

/* Begin PBXProject section */
		18BB8F63227318F6005EDC27 /* Project object */ = {
			isa = PBXProject;
			attributes = {
				LastUpgradeCheck = 1020;
				ORGANIZATIONNAME = MythKiven;
				TargetAttributes = {
					186FF086229F65A500AFA303 = {
						CreatedOnToolsVersion = 10.2.1;
						TestTargetID = 18BB8F6A227318F6005EDC27;
					};
					18BB8F6A227318F6005EDC27 = {
						CreatedOnToolsVersion = 10.2;
						LastSwiftMigration = 1020;
					};
				};
			};
			buildConfigurationList = 18BB8F66227318F6005EDC27 /* Build configuration list for PBXProject "MKApp" */;
			compatibilityVersion = "Xcode 9.3";
			developmentRegion = en;
			hasScannedForEncodings = 0;
			knownRegions = (
				en,
				Base,
			);
			mainGroup = 18BB8F62227318F6005EDC27;
			productRefGroup = 18BB8F6C227318F6005EDC27 /* Products */;
			projectDirPath = "";
			projectRoot = "";
			targets = (
				18BB8F6A227318F6005EDC27 /* MKApp */,
				186FF086229F65A500AFA303 /* MKAppTests */,
			);
		};
/* End PBXProject section */

/* Begin PBXResourcesBuildPhase section */
		186FF085229F65A500AFA303 /* Resources */ = {
			isa = PBXResourcesBuildPhase;
			buildActionMask = 2147483647;
			files = (
			);
			runOnlyForDeploymentPostprocessing = 0;
		};
		18BB8F69227318F6005EDC27 /* Resources */ = {
			isa = PBXResourcesBuildPhase;
			buildActionMask = 2147483647;
			files = (
				1847EB492276F8F500E6E35D /* DiffuseMenuVC.xib in Resources */,
				1847EB3C2276D90500E6E35D /* CombineLoadingAnimationVC.xib in Resources */,
				18BB8F7B227318FD005EDC27 /* LaunchScreen.storyboard in Resources */,
				1847EB442276DE6600E6E35D /* DropdownMailTFVC.xib in Resources */,
				18BB8F78227318FD005EDC27 /* Assets.xcassets in Resources */,
			);
			runOnlyForDeploymentPostprocessing = 0;
		};
/* End PBXResourcesBuildPhase section */

/* Begin PBXShellScriptBuildPhase section */
		6F5E8022B4F0EC9C2038C9C6 /* [CP] Check Pods Manifest.lock */ = {
			isa = PBXShellScriptBuildPhase;
			buildActionMask = 2147483647;
			files = (
			);
			inputFileListPaths = (
			);
			inputPaths = (
				"${PODS_PODFILE_DIR_PATH}/Podfile.lock",
				"${PODS_ROOT}/Manifest.lock",
			);
			name = "[CP] Check Pods Manifest.lock";
			outputFileListPaths = (
			);
			outputPaths = (
				"$(DERIVED_FILE_DIR)/Pods-MKApp-checkManifestLockResult.txt",
			);
			runOnlyForDeploymentPostprocessing = 0;
			shellPath = /bin/sh;
			shellScript = "diff \"${PODS_PODFILE_DIR_PATH}/Podfile.lock\" \"${PODS_ROOT}/Manifest.lock\" > /dev/null\nif [ $? != 0 ] ; then\n    # print error to STDERR\n    echo \"error: The sandbox is not in sync with the Podfile.lock. Run 'pod install' or update your CocoaPods installation.\" >&2\n    exit 1\nfi\n# This output is used by Xcode 'outputs' to avoid re-running this script phase.\necho \"SUCCESS\" > \"${SCRIPT_OUTPUT_FILE_0}\"\n";
			showEnvVarsInLog = 0;
		};
		FBB93356DD72C05B60AE9D58 /* [CP] Copy Pods Resources */ = {
			isa = PBXShellScriptBuildPhase;
			buildActionMask = 2147483647;
			files = (
			);
			inputFileListPaths = (
				"${PODS_ROOT}/Target Support Files/Pods-MKApp/Pods-MKApp-resources-${CONFIGURATION}-input-files.xcfilelist",
			);
			name = "[CP] Copy Pods Resources";
			outputFileListPaths = (
				"${PODS_ROOT}/Target Support Files/Pods-MKApp/Pods-MKApp-resources-${CONFIGURATION}-output-files.xcfilelist",
			);
			runOnlyForDeploymentPostprocessing = 0;
			shellPath = /bin/sh;
			shellScript = "\"${PODS_ROOT}/Target Support Files/Pods-MKApp/Pods-MKApp-resources.sh\"\n";
			showEnvVarsInLog = 0;
		};
/* End PBXShellScriptBuildPhase section */

/* Begin PBXSourcesBuildPhase section */
		186FF083229F65A500AFA303 /* Sources */ = {
			isa = PBXSourcesBuildPhase;
			buildActionMask = 2147483647;
			files = (
				18C1F56C22A4FDA5000F7CC4 /* MKCrashGuardManager.m in Sources */,
				18B0FB7822A4FBCB00CB5780 /* NSDictionary+MKCrashGuard.m in Sources */,
				186FF08A229F65A500AFA303 /* MKAppTests.m in Sources */,
				18B0FB8422A4FBCB00CB5780 /* NSMutableAttributedString+MKCrashGuard.m in Sources */,
				18B0FB8022A4FBCB00CB5780 /* NSMutableString+MKCrashGuard.m in Sources */,
				18B0FB7A22A4FBCB00CB5780 /* MKCrashGuardConst.m in Sources */,
				18B0FB7C22A4FBCB00CB5780 /* NSMutableArray+MKCrashGuard.m in Sources */,
				186FF091229F65B500AFA303 /* MKCrashGuardTest.m in Sources */,
				18B0FB8822A4FBCB00CB5780 /* NSAttributedString+MKCrashGuard.m in Sources */,
				18B0FB7E22A4FBCB00CB5780 /* NSArray+MKCrashGuard.m in Sources */,
				18B0FB8A22A4FBCB00CB5780 /* NSString+MKCrashGuard.m in Sources */,
				18B0FB8622A4FBCB00CB5780 /* NSMutableDictionary+MKCrashGuard.m in Sources */,
			);
			runOnlyForDeploymentPostprocessing = 0;
		};
		18BB8F67227318F6005EDC27 /* Sources */ = {
			isa = PBXSourcesBuildPhase;
			buildActionMask = 2147483647;
			files = (
				1847EB3D2276D90500E6E35D /* CombineLoadingAnimationVC.m in Sources */,
				18C1F58C22A631D2000F7CC4 /* CaseTest.m in Sources */,
				18B0FB7722A4FBCB00CB5780 /* NSDictionary+MKCrashGuard.m in Sources */,
				18B0FB8722A4FBCB00CB5780 /* NSAttributedString+MKCrashGuard.m in Sources */,
				18B0FB7D22A4FBCB00CB5780 /* NSArray+MKCrashGuard.m in Sources */,
				18BB8F73227318F6005EDC27 /* ViewController.m in Sources */,
				18289DFD2292467800EB7FF2 /* MKPointWatch.m in Sources */,
				18B0FB7F22A4FBCB00CB5780 /* NSMutableString+MKCrashGuard.m in Sources */,
				18B0FB8922A4FBCB00CB5780 /* NSString+MKCrashGuard.m in Sources */,
				18B0FB8522A4FBCB00CB5780 /* NSMutableDictionary+MKCrashGuard.m in Sources */,
				18C1F59522A66DE2000F7CC4 /* NSObject+MKSwizzleHook.m in Sources */,
				188F8704229E848B00A288D4 /* MKDebug.m in Sources */,
				1847EB472276F73E00E6E35D /* DiffuseMenuVC.swift in Sources */,
				18B0FB7922A4FBCB00CB5780 /* MKCrashGuardConst.m in Sources */,
				188F8707229E85F600A288D4 /* MKFileManager.m in Sources */,
				18B0FB7B22A4FBCB00CB5780 /* NSMutableArray+MKCrashGuard.m in Sources */,
				18B0FB8322A4FBCB00CB5780 /* NSMutableAttributedString+MKCrashGuard.m in Sources */,
				18B0FB8122A4FBCB00CB5780 /* NSObject+MKCrashGuard.m in Sources */,
				186FF093229F704600AFA303 /* CrashTest.m in Sources */,
				1847EB422276DD4900E6E35D /* DropdownMailTFVC.m in Sources */,
				18BB8F7E227318FD005EDC27 /* main.m in Sources */,
				186FF05D229EA19600AFA303 /* MKJSON.m in Sources */,
				18C1F56B22A4FDA5000F7CC4 /* MKCrashGuardManager.m in Sources */,
				18BB8F70227318F6005EDC27 /* AppDelegate.m in Sources */,
				188F870A229E86DF00A288D4 /* MKFunctions.m in Sources */,
			);
			runOnlyForDeploymentPostprocessing = 0;
		};
/* End PBXSourcesBuildPhase section */

/* Begin PBXTargetDependency section */
		186FF08D229F65A500AFA303 /* PBXTargetDependency */ = {
			isa = PBXTargetDependency;
			target = 18BB8F6A227318F6005EDC27 /* MKApp */;
			targetProxy = 186FF08C229F65A500AFA303 /* PBXContainerItemProxy */;
		};
/* End PBXTargetDependency section */

/* Begin PBXVariantGroup section */
		18BB8F79227318FD005EDC27 /* LaunchScreen.storyboard */ = {
			isa = PBXVariantGroup;
			children = (
				18BB8F7A227318FD005EDC27 /* Base */,
			);
			name = LaunchScreen.storyboard;
			sourceTree = "<group>";
		};
/* End PBXVariantGroup section */

/* Begin XCBuildConfiguration section */
		186FF08F229F65A500AFA303 /* Debug */ = {
			isa = XCBuildConfiguration;
			buildSettings = {
				ALWAYS_EMBED_SWIFT_STANDARD_LIBRARIES = YES;
				CODE_SIGN_STYLE = Automatic;
				DEVELOPMENT_TEAM = NV5T27F7HC;
				INFOPLIST_FILE = MKAppTests/Info.plist;
				LD_RUNPATH_SEARCH_PATHS = (
					"$(inherited)",
					"@executable_path/Frameworks",
					"@loader_path/Frameworks",
				);
				PRODUCT_BUNDLE_IDENTIFIER = mk.MKAppTests;
				PRODUCT_NAME = "$(TARGET_NAME)";
				TARGETED_DEVICE_FAMILY = "1,2";
				TEST_HOST = "$(BUILT_PRODUCTS_DIR)/MKApp.app/MKApp";
			};
			name = Debug;
		};
		186FF090229F65A500AFA303 /* Release */ = {
			isa = XCBuildConfiguration;
			buildSettings = {
				ALWAYS_EMBED_SWIFT_STANDARD_LIBRARIES = YES;
				CODE_SIGN_STYLE = Automatic;
				DEVELOPMENT_TEAM = NV5T27F7HC;
				INFOPLIST_FILE = MKAppTests/Info.plist;
				LD_RUNPATH_SEARCH_PATHS = (
					"$(inherited)",
					"@executable_path/Frameworks",
					"@loader_path/Frameworks",
				);
				PRODUCT_BUNDLE_IDENTIFIER = mk.MKAppTests;
				PRODUCT_NAME = "$(TARGET_NAME)";
				TARGETED_DEVICE_FAMILY = "1,2";
				TEST_HOST = "$(BUILT_PRODUCTS_DIR)/MKApp.app/MKApp";
			};
			name = Release;
		};
		18BB8F7F227318FD005EDC27 /* Debug */ = {
			isa = XCBuildConfiguration;
			buildSettings = {
				ALWAYS_SEARCH_USER_PATHS = NO;
				CLANG_ANALYZER_NONNULL = YES;
				CLANG_ANALYZER_NUMBER_OBJECT_CONVERSION = YES_AGGRESSIVE;
				CLANG_CXX_LANGUAGE_STANDARD = "gnu++14";
				CLANG_CXX_LIBRARY = "libc++";
				CLANG_ENABLE_MODULES = YES;
				CLANG_ENABLE_OBJC_ARC = YES;
				CLANG_ENABLE_OBJC_WEAK = YES;
				CLANG_WARN_BLOCK_CAPTURE_AUTORELEASING = YES;
				CLANG_WARN_BOOL_CONVERSION = YES;
				CLANG_WARN_COMMA = YES;
				CLANG_WARN_CONSTANT_CONVERSION = YES;
				CLANG_WARN_DEPRECATED_OBJC_IMPLEMENTATIONS = YES;
				CLANG_WARN_DIRECT_OBJC_ISA_USAGE = YES_ERROR;
				CLANG_WARN_DOCUMENTATION_COMMENTS = YES;
				CLANG_WARN_EMPTY_BODY = YES;
				CLANG_WARN_ENUM_CONVERSION = YES;
				CLANG_WARN_INFINITE_RECURSION = YES;
				CLANG_WARN_INT_CONVERSION = YES;
				CLANG_WARN_NON_LITERAL_NULL_CONVERSION = YES;
				CLANG_WARN_OBJC_IMPLICIT_RETAIN_SELF = YES;
				CLANG_WARN_OBJC_LITERAL_CONVERSION = YES;
				CLANG_WARN_OBJC_ROOT_CLASS = YES_ERROR;
				CLANG_WARN_RANGE_LOOP_ANALYSIS = YES;
				CLANG_WARN_STRICT_PROTOTYPES = YES;
				CLANG_WARN_SUSPICIOUS_MOVE = YES;
				CLANG_WARN_UNGUARDED_AVAILABILITY = YES_AGGRESSIVE;
				CLANG_WARN_UNREACHABLE_CODE = YES;
				CLANG_WARN__DUPLICATE_METHOD_MATCH = YES;
				CODE_SIGN_IDENTITY = "iPhone Developer";
				COPY_PHASE_STRIP = NO;
				DEBUG_INFORMATION_FORMAT = dwarf;
				ENABLE_STRICT_OBJC_MSGSEND = YES;
				ENABLE_TESTABILITY = YES;
				GCC_C_LANGUAGE_STANDARD = gnu11;
				GCC_DYNAMIC_NO_PIC = NO;
				GCC_NO_COMMON_BLOCKS = YES;
				GCC_OPTIMIZATION_LEVEL = 0;
				GCC_PREPROCESSOR_DEFINITIONS = (
					"DEBUG=1",
					"$(inherited)",
				);
				GCC_WARN_64_TO_32_BIT_CONVERSION = YES;
				GCC_WARN_ABOUT_RETURN_TYPE = YES_ERROR;
				GCC_WARN_UNDECLARED_SELECTOR = YES;
				GCC_WARN_UNINITIALIZED_AUTOS = YES_AGGRESSIVE;
				GCC_WARN_UNUSED_FUNCTION = YES;
				GCC_WARN_UNUSED_VARIABLE = YES;
				IPHONEOS_DEPLOYMENT_TARGET = 12.2;
				MTL_ENABLE_DEBUG_INFO = INCLUDE_SOURCE;
				MTL_FAST_MATH = YES;
				ONLY_ACTIVE_ARCH = YES;
				SDKROOT = iphoneos;
			};
			name = Debug;
		};
		18BB8F80227318FD005EDC27 /* Release */ = {
			isa = XCBuildConfiguration;
			buildSettings = {
				ALWAYS_SEARCH_USER_PATHS = NO;
				CLANG_ANALYZER_NONNULL = YES;
				CLANG_ANALYZER_NUMBER_OBJECT_CONVERSION = YES_AGGRESSIVE;
				CLANG_CXX_LANGUAGE_STANDARD = "gnu++14";
				CLANG_CXX_LIBRARY = "libc++";
				CLANG_ENABLE_MODULES = YES;
				CLANG_ENABLE_OBJC_ARC = YES;
				CLANG_ENABLE_OBJC_WEAK = YES;
				CLANG_WARN_BLOCK_CAPTURE_AUTORELEASING = YES;
				CLANG_WARN_BOOL_CONVERSION = YES;
				CLANG_WARN_COMMA = YES;
				CLANG_WARN_CONSTANT_CONVERSION = YES;
				CLANG_WARN_DEPRECATED_OBJC_IMPLEMENTATIONS = YES;
				CLANG_WARN_DIRECT_OBJC_ISA_USAGE = YES_ERROR;
				CLANG_WARN_DOCUMENTATION_COMMENTS = YES;
				CLANG_WARN_EMPTY_BODY = YES;
				CLANG_WARN_ENUM_CONVERSION = YES;
				CLANG_WARN_INFINITE_RECURSION = YES;
				CLANG_WARN_INT_CONVERSION = YES;
				CLANG_WARN_NON_LITERAL_NULL_CONVERSION = YES;
				CLANG_WARN_OBJC_IMPLICIT_RETAIN_SELF = YES;
				CLANG_WARN_OBJC_LITERAL_CONVERSION = YES;
				CLANG_WARN_OBJC_ROOT_CLASS = YES_ERROR;
				CLANG_WARN_RANGE_LOOP_ANALYSIS = YES;
				CLANG_WARN_STRICT_PROTOTYPES = YES;
				CLANG_WARN_SUSPICIOUS_MOVE = YES;
				CLANG_WARN_UNGUARDED_AVAILABILITY = YES_AGGRESSIVE;
				CLANG_WARN_UNREACHABLE_CODE = YES;
				CLANG_WARN__DUPLICATE_METHOD_MATCH = YES;
				CODE_SIGN_IDENTITY = "iPhone Developer";
				COPY_PHASE_STRIP = NO;
				DEBUG_INFORMATION_FORMAT = "dwarf-with-dsym";
				ENABLE_NS_ASSERTIONS = NO;
				ENABLE_STRICT_OBJC_MSGSEND = YES;
				GCC_C_LANGUAGE_STANDARD = gnu11;
				GCC_NO_COMMON_BLOCKS = YES;
				GCC_WARN_64_TO_32_BIT_CONVERSION = YES;
				GCC_WARN_ABOUT_RETURN_TYPE = YES_ERROR;
				GCC_WARN_UNDECLARED_SELECTOR = YES;
				GCC_WARN_UNINITIALIZED_AUTOS = YES_AGGRESSIVE;
				GCC_WARN_UNUSED_FUNCTION = YES;
				GCC_WARN_UNUSED_VARIABLE = YES;
				IPHONEOS_DEPLOYMENT_TARGET = 12.2;
				MTL_ENABLE_DEBUG_INFO = NO;
				MTL_FAST_MATH = YES;
				SDKROOT = iphoneos;
				VALIDATE_PRODUCT = YES;
			};
			name = Release;
		};
		18BB8F82227318FD005EDC27 /* Debug */ = {
			isa = XCBuildConfiguration;
			baseConfigurationReference = 489DBB6E3C85E44985C5B368 /* Pods-MKApp.debug.xcconfig */;
			buildSettings = {
				ASSETCATALOG_COMPILER_APPICON_NAME = AppIcon;
				CLANG_ENABLE_MODULES = YES;
				CODE_SIGN_STYLE = Automatic;
				DEFINES_MODULE = YES;
				DEVELOPMENT_TEAM = NV5T27F7HC;
				HEADER_SEARCH_PATHS = (
					"$(inherited)",
					"\"${PODS_ROOT}/Headers/Public\"",
					"\"${PODS_ROOT}/Headers/Public/MKAppKit\"",
				);
				INFOPLIST_FILE = MKApp/Info.plist;
				LD_RUNPATH_SEARCH_PATHS = (
					"$(inherited)",
					"@executable_path/Frameworks",
				);
				PRODUCT_BUNDLE_IDENTIFIER = mk.MKApp;
				PRODUCT_NAME = "$(TARGET_NAME)";
				SWIFT_OBJC_BRIDGING_HEADER = "DemoVC/Animation/MKApp-Bridging-Header.h";
				SWIFT_OPTIMIZATION_LEVEL = "-Onone";
				SWIFT_VERSION = 5.0;
				TARGETED_DEVICE_FAMILY = "1,2";
			};
			name = Debug;
		};
		18BB8F83227318FD005EDC27 /* Release */ = {
			isa = XCBuildConfiguration;
			baseConfigurationReference = 51C84C6B4D5F2935E0157851 /* Pods-MKApp.release.xcconfig */;
			buildSettings = {
				ASSETCATALOG_COMPILER_APPICON_NAME = AppIcon;
				CLANG_ENABLE_MODULES = YES;
				CODE_SIGN_STYLE = Automatic;
				DEFINES_MODULE = YES;
				DEVELOPMENT_TEAM = NV5T27F7HC;
				HEADER_SEARCH_PATHS = (
					"$(inherited)",
					"\"${PODS_ROOT}/Headers/Public\"",
					"\"${PODS_ROOT}/Headers/Public/MKAppKit\"",
				);
				INFOPLIST_FILE = MKApp/Info.plist;
				LD_RUNPATH_SEARCH_PATHS = (
					"$(inherited)",
					"@executable_path/Frameworks",
				);
				PRODUCT_BUNDLE_IDENTIFIER = mk.MKApp;
				PRODUCT_NAME = "$(TARGET_NAME)";
				SWIFT_OBJC_BRIDGING_HEADER = "DemoVC/Animation/MKApp-Bridging-Header.h";
				SWIFT_VERSION = 5.0;
				TARGETED_DEVICE_FAMILY = "1,2";
			};
			name = Release;
		};
/* End XCBuildConfiguration section */

/* Begin XCConfigurationList section */
		186FF08E229F65A500AFA303 /* Build configuration list for PBXNativeTarget "MKAppTests" */ = {
			isa = XCConfigurationList;
			buildConfigurations = (
				186FF08F229F65A500AFA303 /* Debug */,
				186FF090229F65A500AFA303 /* Release */,
			);
			defaultConfigurationIsVisible = 0;
			defaultConfigurationName = Release;
		};
		18BB8F66227318F6005EDC27 /* Build configuration list for PBXProject "MKApp" */ = {
			isa = XCConfigurationList;
			buildConfigurations = (
				18BB8F7F227318FD005EDC27 /* Debug */,
				18BB8F80227318FD005EDC27 /* Release */,
			);
			defaultConfigurationIsVisible = 0;
			defaultConfigurationName = Release;
		};
		18BB8F81227318FD005EDC27 /* Build configuration list for PBXNativeTarget "MKApp" */ = {
			isa = XCConfigurationList;
			buildConfigurations = (
				18BB8F82227318FD005EDC27 /* Debug */,
				18BB8F83227318FD005EDC27 /* Release */,
			);
			defaultConfigurationIsVisible = 0;
			defaultConfigurationName = Release;
		};
/* End XCConfigurationList section */
	};
	rootObject = 18BB8F63227318F6005EDC27 /* Project object */;
}
