// !$*UTF8*$!
{
	archiveVersion = 1;
	classes = {
	};
	objectVersion = 46;
	objects = {

/* Begin PBXBuildFile section */
		D297EE5B1DE57807007C0AC4 /* main.m in Sources */ = {isa = PBXBuildFile; fileRef = D297EE5A1DE57807007C0AC4 /* main.m */; };
		D297EE5E1DE57807007C0AC4 /* AppDelegate.m in Sources */ = {isa = PBXBuildFile; fileRef = D297EE5D1DE57807007C0AC4 /* AppDelegate.m */; };
		D297EE661DE57807007C0AC4 /* Assets.xcassets in Resources */ = {isa = PBXBuildFile; fileRef = D297EE651DE57807007C0AC4 /* Assets.xcassets */; };
		D297EE691DE57807007C0AC4 /* LaunchScreen.storyboard in Resources */ = {isa = PBXBuildFile; fileRef = D297EE671DE57807007C0AC4 /* LaunchScreen.storyboard */; };
		D297EE741DE57807007C0AC4 /* JCombineLoadingAnimationTests.m in Sources */ = {isa = PBXBuildFile; fileRef = D297EE731DE57807007C0AC4 /* JCombineLoadingAnimationTests.m */; };
		D297EE7F1DE57807007C0AC4 /* JCombineLoadingAnimationUITests.m in Sources */ = {isa = PBXBuildFile; fileRef = D297EE7E1DE57807007C0AC4 /* JCombineLoadingAnimationUITests.m */; };
		D297EE9A1DE57863007C0AC4 /* JControlLoadingCircleLayer.m in Sources */ = {isa = PBXBuildFile; fileRef = D297EE8E1DE57863007C0AC4 /* JControlLoadingCircleLayer.m */; };
		D297EE9B1DE57863007C0AC4 /* JControlLoadingCircleView.m in Sources */ = {isa = PBXBuildFile; fileRef = D297EE901DE57863007C0AC4 /* JControlLoadingCircleView.m */; };
		D297EE9C1DE57863007C0AC4 /* JDradualLoadingView.m in Sources */ = {isa = PBXBuildFile; fileRef = D297EE921DE57863007C0AC4 /* JDradualLoadingView.m */; };
		D297EE9D1DE57863007C0AC4 /* JLoadingManagerView.m in Sources */ = {isa = PBXBuildFile; fileRef = D297EE941DE57863007C0AC4 /* JLoadingManagerView.m */; };
		D297EE9E1DE57863007C0AC4 /* JPushTableCell.m in Sources */ = {isa = PBXBuildFile; fileRef = D297EE961DE57863007C0AC4 /* JPushTableCell.m */; };
		D297EE9F1DE57863007C0AC4 /* JPushTableCell.xib in Resources */ = {isa = PBXBuildFile; fileRef = D297EE971DE57863007C0AC4 /* JPushTableCell.xib */; };
		D297EEA01DE57863007C0AC4 /* JPushTableCellView.m in Sources */ = {isa = PBXBuildFile; fileRef = D297EE991DE57863007C0AC4 /* JPushTableCellView.m */; };
		D297EEA31DE57874007C0AC4 /* ViewController.m in Sources */ = {isa = PBXBuildFile; fileRef = D297EEA21DE57874007C0AC4 /* ViewController.m */; };
		D297EEA51DE5787F007C0AC4 /* Main.storyboard in Resources */ = {isa = PBXBuildFile; fileRef = D297EEA41DE5787F007C0AC4 /* Main.storyboard */; };
/* End PBXBuildFile section */

/* Begin PBXContainerItemProxy section */
		D297EE701DE57807007C0AC4 /* PBXContainerItemProxy */ = {
			isa = PBXContainerItemProxy;
			containerPortal = D297EE4E1DE57807007C0AC4 /* Project object */;
			proxyType = 1;
			remoteGlobalIDString = D297EE551DE57807007C0AC4;
			remoteInfo = JCombineLoadingAnimation;
		};
		D297EE7B1DE57807007C0AC4 /* PBXContainerItemProxy */ = {
			isa = PBXContainerItemProxy;
			containerPortal = D297EE4E1DE57807007C0AC4 /* Project object */;
			proxyType = 1;
			remoteGlobalIDString = D297EE551DE57807007C0AC4;
			remoteInfo = JCombineLoadingAnimation;
		};
/* End PBXContainerItemProxy section */

/* Begin PBXFileReference section */
		D297EE561DE57807007C0AC4 /* JCombineLoadingAnimation.app */ = {isa = PBXFileReference; explicitFileType = wrapper.application; includeInIndex = 0; path = JCombineLoadingAnimation.app; sourceTree = BUILT_PRODUCTS_DIR; };
		D297EE5A1DE57807007C0AC4 /* main.m */ = {isa = PBXFileReference; lastKnownFileType = sourcecode.c.objc; path = main.m; sourceTree = "<group>"; };
		D297EE5C1DE57807007C0AC4 /* AppDelegate.h */ = {isa = PBXFileReference; lastKnownFileType = sourcecode.c.h; path = AppDelegate.h; sourceTree = "<group>"; };
		D297EE5D1DE57807007C0AC4 /* AppDelegate.m */ = {isa = PBXFileReference; lastKnownFileType = sourcecode.c.objc; path = AppDelegate.m; sourceTree = "<group>"; };
		D297EE651DE57807007C0AC4 /* Assets.xcassets */ = {isa = PBXFileReference; lastKnownFileType = folder.assetcatalog; path = Assets.xcassets; sourceTree = "<group>"; };
		D297EE681DE57807007C0AC4 /* Base */ = {isa = PBXFileReference; lastKnownFileType = file.storyboard; name = Base; path = Base.lproj/LaunchScreen.storyboard; sourceTree = "<group>"; };
		D297EE6A1DE57807007C0AC4 /* Info.plist */ = {isa = PBXFileReference; lastKnownFileType = text.plist.xml; path = Info.plist; sourceTree = "<group>"; };
		D297EE6F1DE57807007C0AC4 /* JCombineLoadingAnimationTests.xctest */ = {isa = PBXFileReference; explicitFileType = wrapper.cfbundle; includeInIndex = 0; path = JCombineLoadingAnimationTests.xctest; sourceTree = BUILT_PRODUCTS_DIR; };
		D297EE731DE57807007C0AC4 /* JCombineLoadingAnimationTests.m */ = {isa = PBXFileReference; lastKnownFileType = sourcecode.c.objc; path = JCombineLoadingAnimationTests.m; sourceTree = "<group>"; };
		D297EE751DE57807007C0AC4 /* Info.plist */ = {isa = PBXFileReference; lastKnownFileType = text.plist.xml; path = Info.plist; sourceTree = "<group>"; };
		D297EE7A1DE57807007C0AC4 /* JCombineLoadingAnimationUITests.xctest */ = {isa = PBXFileReference; explicitFileType = wrapper.cfbundle; includeInIndex = 0; path = JCombineLoadingAnimationUITests.xctest; sourceTree = BUILT_PRODUCTS_DIR; };
		D297EE7E1DE57807007C0AC4 /* JCombineLoadingAnimationUITests.m */ = {isa = PBXFileReference; lastKnownFileType = sourcecode.c.objc; path = JCombineLoadingAnimationUITests.m; sourceTree = "<group>"; };
		D297EE801DE57807007C0AC4 /* Info.plist */ = {isa = PBXFileReference; lastKnownFileType = text.plist.xml; path = Info.plist; sourceTree = "<group>"; };
		D297EE8D1DE57863007C0AC4 /* JControlLoadingCircleLayer.h */ = {isa = PBXFileReference; fileEncoding = 4; lastKnownFileType = sourcecode.c.h; path = JControlLoadingCircleLayer.h; sourceTree = "<group>"; };
		D297EE8E1DE57863007C0AC4 /* JControlLoadingCircleLayer.m */ = {isa = PBXFileReference; fileEncoding = 4; lastKnownFileType = sourcecode.c.objc; path = JControlLoadingCircleLayer.m; sourceTree = "<group>"; };
		D297EE8F1DE57863007C0AC4 /* JControlLoadingCircleView.h */ = {isa = PBXFileReference; fileEncoding = 4; lastKnownFileType = sourcecode.c.h; path = JControlLoadingCircleView.h; sourceTree = "<group>"; };
		D297EE901DE57863007C0AC4 /* JControlLoadingCircleView.m */ = {isa = PBXFileReference; fileEncoding = 4; lastKnownFileType = sourcecode.c.objc; path = JControlLoadingCircleView.m; sourceTree = "<group>"; };
		D297EE911DE57863007C0AC4 /* JDradualLoadingView.h */ = {isa = PBXFileReference; fileEncoding = 4; lastKnownFileType = sourcecode.c.h; path = JDradualLoadingView.h; sourceTree = "<group>"; };
		D297EE921DE57863007C0AC4 /* JDradualLoadingView.m */ = {isa = PBXFileReference; fileEncoding = 4; lastKnownFileType = sourcecode.c.objc; path = JDradualLoadingView.m; sourceTree = "<group>"; };
		D297EE931DE57863007C0AC4 /* JLoadingManagerView.h */ = {isa = PBXFileReference; fileEncoding = 4; lastKnownFileType = sourcecode.c.h; path = JLoadingManagerView.h; sourceTree = "<group>"; };
		D297EE941DE57863007C0AC4 /* JLoadingManagerView.m */ = {isa = PBXFileReference; fileEncoding = 4; lastKnownFileType = sourcecode.c.objc; path = JLoadingManagerView.m; sourceTree = "<group>"; };
		D297EE951DE57863007C0AC4 /* JPushTableCell.h */ = {isa = PBXFileReference; fileEncoding = 4; lastKnownFileType = sourcecode.c.h; path = JPushTableCell.h; sourceTree = "<group>"; };
		D297EE961DE57863007C0AC4 /* JPushTableCell.m */ = {isa = PBXFileReference; fileEncoding = 4; lastKnownFileType = sourcecode.c.objc; path = JPushTableCell.m; sourceTree = "<group>"; };
		D297EE971DE57863007C0AC4 /* JPushTableCell.xib */ = {isa = PBXFileReference; fileEncoding = 4; lastKnownFileType = file.xib; path = JPushTableCell.xib; sourceTree = "<group>"; };
		D297EE981DE57863007C0AC4 /* JPushTableCellView.h */ = {isa = PBXFileReference; fileEncoding = 4; lastKnownFileType = sourcecode.c.h; path = JPushTableCellView.h; sourceTree = "<group>"; };
		D297EE991DE57863007C0AC4 /* JPushTableCellView.m */ = {isa = PBXFileReference; fileEncoding = 4; lastKnownFileType = sourcecode.c.objc; path = JPushTableCellView.m; sourceTree = "<group>"; };
		D297EEA11DE57874007C0AC4 /* ViewController.h */ = {isa = PBXFileReference; fileEncoding = 4; lastKnownFileType = sourcecode.c.h; path = ViewController.h; sourceTree = "<group>"; };
		D297EEA21DE57874007C0AC4 /* ViewController.m */ = {isa = PBXFileReference; fileEncoding = 4; lastKnownFileType = sourcecode.c.objc; path = ViewController.m; sourceTree = "<group>"; };
		D297EEA41DE5787F007C0AC4 /* Main.storyboard */ = {isa = PBXFileReference; fileEncoding = 4; lastKnownFileType = file.storyboard; path = Main.storyboard; sourceTree = "<group>"; };
/* End PBXFileReference section */

/* Begin PBXFrameworksBuildPhase section */
		D297EE531DE57807007C0AC4 /* Frameworks */ = {
			isa = PBXFrameworksBuildPhase;
			buildActionMask = 2147483647;
			files = (
			);
			runOnlyForDeploymentPostprocessing = 0;
		};
		D297EE6C1DE57807007C0AC4 /* Frameworks */ = {
			isa = PBXFrameworksBuildPhase;
			buildActionMask = 2147483647;
			files = (
			);
			runOnlyForDeploymentPostprocessing = 0;
		};
		D297EE771DE57807007C0AC4 /* Frameworks */ = {
			isa = PBXFrameworksBuildPhase;
			buildActionMask = 2147483647;
			files = (
			);
			runOnlyForDeploymentPostprocessing = 0;
		};
/* End PBXFrameworksBuildPhase section */

/* Begin PBXGroup section */
		D297EE4D1DE57807007C0AC4 = {
			isa = PBXGroup;
			children = (
				D297EE581DE57807007C0AC4 /* JCombineLoadingAnimation */,
				D297EE721DE57807007C0AC4 /* JCombineLoadingAnimationTests */,
				D297EE7D1DE57807007C0AC4 /* JCombineLoadingAnimationUITests */,
				D297EE571DE57807007C0AC4 /* Products */,
			);
			sourceTree = "<group>";
		};
		D297EE571DE57807007C0AC4 /* Products */ = {
			isa = PBXGroup;
			children = (
				D297EE561DE57807007C0AC4 /* JCombineLoadingAnimation.app */,
				D297EE6F1DE57807007C0AC4 /* JCombineLoadingAnimationTests.xctest */,
				D297EE7A1DE57807007C0AC4 /* JCombineLoadingAnimationUITests.xctest */,
			);
			name = Products;
			sourceTree = "<group>";
		};
		D297EE581DE57807007C0AC4 /* JCombineLoadingAnimation */ = {
			isa = PBXGroup;
			children = (
				D297EE8C1DE5785D007C0AC4 /* lib */,
				D297EE5C1DE57807007C0AC4 /* AppDelegate.h */,
				D297EE5D1DE57807007C0AC4 /* AppDelegate.m */,
				D297EEA11DE57874007C0AC4 /* ViewController.h */,
				D297EEA21DE57874007C0AC4 /* ViewController.m */,
				D297EEA41DE5787F007C0AC4 /* Main.storyboard */,
				D297EE651DE57807007C0AC4 /* Assets.xcassets */,
				D297EE671DE57807007C0AC4 /* LaunchScreen.storyboard */,
				D297EE6A1DE57807007C0AC4 /* Info.plist */,
				D297EE591DE57807007C0AC4 /* Supporting Files */,
			);
			path = JCombineLoadingAnimation;
			sourceTree = "<group>";
		};
		D297EE591DE57807007C0AC4 /* Supporting Files */ = {
			isa = PBXGroup;
			children = (
				D297EE5A1DE57807007C0AC4 /* main.m */,
			);
			name = "Supporting Files";
			sourceTree = "<group>";
		};
		D297EE721DE57807007C0AC4 /* JCombineLoadingAnimationTests */ = {
			isa = PBXGroup;
			children = (
				D297EE731DE57807007C0AC4 /* JCombineLoadingAnimationTests.m */,
				D297EE751DE57807007C0AC4 /* Info.plist */,
			);
			path = JCombineLoadingAnimationTests;
			sourceTree = "<group>";
		};
		D297EE7D1DE57807007C0AC4 /* JCombineLoadingAnimationUITests */ = {
			isa = PBXGroup;
			children = (
				D297EE7E1DE57807007C0AC4 /* JCombineLoadingAnimationUITests.m */,
				D297EE801DE57807007C0AC4 /* Info.plist */,
			);
			path = JCombineLoadingAnimationUITests;
			sourceTree = "<group>";
		};
		D297EE8C1DE5785D007C0AC4 /* lib */ = {
			isa = PBXGroup;
			children = (
				D2A756331DE9682A009A8B73 /* file */,
				D297EE931DE57863007C0AC4 /* JLoadingManagerView.h */,
				D297EE941DE57863007C0AC4 /* JLoadingManagerView.m */,
			);
			path = lib;
			sourceTree = "<group>";
		};
		D2A756331DE9682A009A8B73 /* file */ = {
			isa = PBXGroup;
			children = (
				D297EE951DE57863007C0AC4 /* JPushTableCell.h */,
				D297EE961DE57863007C0AC4 /* JPushTableCell.m */,
				D297EE971DE57863007C0AC4 /* JPushTableCell.xib */,
				D297EE981DE57863007C0AC4 /* JPushTableCellView.h */,
				D297EE991DE57863007C0AC4 /* JPushTableCellView.m */,
				D297EE8D1DE57863007C0AC4 /* JControlLoadingCircleLayer.h */,
				D297EE8E1DE57863007C0AC4 /* JControlLoadingCircleLayer.m */,
				D297EE8F1DE57863007C0AC4 /* JControlLoadingCircleView.h */,
				D297EE901DE57863007C0AC4 /* JControlLoadingCircleView.m */,
				D297EE911DE57863007C0AC4 /* JDradualLoadingView.h */,
				D297EE921DE57863007C0AC4 /* JDradualLoadingView.m */,
			);
			name = file;
			sourceTree = "<group>";
		};
/* End PBXGroup section */

/* Begin PBXNativeTarget section */
		D297EE551DE57807007C0AC4 /* JCombineLoadingAnimation */ = {
			isa = PBXNativeTarget;
			buildConfigurationList = D297EE831DE57807007C0AC4 /* Build configuration list for PBXNativeTarget "JCombineLoadingAnimation" */;
			buildPhases = (
				D297EE521DE57807007C0AC4 /* Sources */,
				D297EE531DE57807007C0AC4 /* Frameworks */,
				D297EE541DE57807007C0AC4 /* Resources */,
			);
			buildRules = (
			);
			dependencies = (
			);
			name = JCombineLoadingAnimation;
			productName = JCombineLoadingAnimation;
			productReference = D297EE561DE57807007C0AC4 /* JCombineLoadingAnimation.app */;
			productType = "com.apple.product-type.application";
		};
		D297EE6E1DE57807007C0AC4 /* JCombineLoadingAnimationTests */ = {
			isa = PBXNativeTarget;
			buildConfigurationList = D297EE861DE57807007C0AC4 /* Build configuration list for PBXNativeTarget "JCombineLoadingAnimationTests" */;
			buildPhases = (
				D297EE6B1DE57807007C0AC4 /* Sources */,
				D297EE6C1DE57807007C0AC4 /* Frameworks */,
				D297EE6D1DE57807007C0AC4 /* Resources */,
			);
			buildRules = (
			);
			dependencies = (
				D297EE711DE57807007C0AC4 /* PBXTargetDependency */,
			);
			name = JCombineLoadingAnimationTests;
			productName = JCombineLoadingAnimationTests;
			productReference = D297EE6F1DE57807007C0AC4 /* JCombineLoadingAnimationTests.xctest */;
			productType = "com.apple.product-type.bundle.unit-test";
		};
		D297EE791DE57807007C0AC4 /* JCombineLoadingAnimationUITests */ = {
			isa = PBXNativeTarget;
			buildConfigurationList = D297EE891DE57807007C0AC4 /* Build configuration list for PBXNativeTarget "JCombineLoadingAnimationUITests" */;
			buildPhases = (
				D297EE761DE57807007C0AC4 /* Sources */,
				D297EE771DE57807007C0AC4 /* Frameworks */,
				D297EE781DE57807007C0AC4 /* Resources */,
			);
			buildRules = (
			);
			dependencies = (
				D297EE7C1DE57807007C0AC4 /* PBXTargetDependency */,
			);
			name = JCombineLoadingAnimationUITests;
			productName = JCombineLoadingAnimationUITests;
			productReference = D297EE7A1DE57807007C0AC4 /* JCombineLoadingAnimationUITests.xctest */;
			productType = "com.apple.product-type.bundle.ui-testing";
		};
/* End PBXNativeTarget section */

/* Begin PBXProject section */
		D297EE4E1DE57807007C0AC4 /* Project object */ = {
			isa = PBXProject;
			attributes = {
				LastUpgradeCheck = 0810;
				ORGANIZATIONNAME = mythkiven;
				TargetAttributes = {
					D297EE551DE57807007C0AC4 = {
						CreatedOnToolsVersion = 8.1;
						DevelopmentTeam = 79BDF8TB26;
						ProvisioningStyle = Automatic;
					};
					D297EE6E1DE57807007C0AC4 = {
						CreatedOnToolsVersion = 8.1;
						DevelopmentTeam = 79BDF8TB26;
						ProvisioningStyle = Automatic;
						TestTargetID = D297EE551DE57807007C0AC4;
					};
					D297EE791DE57807007C0AC4 = {
						CreatedOnToolsVersion = 8.1;
						DevelopmentTeam = 79BDF8TB26;
						ProvisioningStyle = Automatic;
						TestTargetID = D297EE551DE57807007C0AC4;
					};
				};
			};
			buildConfigurationList = D297EE511DE57807007C0AC4 /* Build configuration list for PBXProject "JCombineLoadingAnimation" */;
			compatibilityVersion = "Xcode 3.2";
			developmentRegion = English;
			hasScannedForEncodings = 0;
			knownRegions = (
				en,
				Base,
			);
			mainGroup = D297EE4D1DE57807007C0AC4;
			productRefGroup = D297EE571DE57807007C0AC4 /* Products */;
			projectDirPath = "";
			projectRoot = "";
			targets = (
				D297EE551DE57807007C0AC4 /* JCombineLoadingAnimation */,
				D297EE6E1DE57807007C0AC4 /* JCombineLoadingAnimationTests */,
				D297EE791DE57807007C0AC4 /* JCombineLoadingAnimationUITests */,
			);
		};
/* End PBXProject section */

/* Begin PBXResourcesBuildPhase section */
		D297EE541DE57807007C0AC4 /* Resources */ = {
			isa = PBXResourcesBuildPhase;
			buildActionMask = 2147483647;
			files = (
				D297EE691DE57807007C0AC4 /* LaunchScreen.storyboard in Resources */,
				D297EE9F1DE57863007C0AC4 /* JPushTableCell.xib in Resources */,
				D297EE661DE57807007C0AC4 /* Assets.xcassets in Resources */,
				D297EEA51DE5787F007C0AC4 /* Main.storyboard in Resources */,
			);
			runOnlyForDeploymentPostprocessing = 0;
		};
		D297EE6D1DE57807007C0AC4 /* Resources */ = {
			isa = PBXResourcesBuildPhase;
			buildActionMask = 2147483647;
			files = (
			);
			runOnlyForDeploymentPostprocessing = 0;
		};
		D297EE781DE57807007C0AC4 /* Resources */ = {
			isa = PBXResourcesBuildPhase;
			buildActionMask = 2147483647;
			files = (
			);
			runOnlyForDeploymentPostprocessing = 0;
		};
/* End PBXResourcesBuildPhase section */

/* Begin PBXSourcesBuildPhase section */
		D297EE521DE57807007C0AC4 /* Sources */ = {
			isa = PBXSourcesBuildPhase;
			buildActionMask = 2147483647;
			files = (
				D297EEA31DE57874007C0AC4 /* ViewController.m in Sources */,
				D297EE9B1DE57863007C0AC4 /* JControlLoadingCircleView.m in Sources */,
				D297EE9D1DE57863007C0AC4 /* JLoadingManagerView.m in Sources */,
				D297EE5E1DE57807007C0AC4 /* AppDelegate.m in Sources */,
				D297EE5B1DE57807007C0AC4 /* main.m in Sources */,
				D297EE9E1DE57863007C0AC4 /* JPushTableCell.m in Sources */,
				D297EEA01DE57863007C0AC4 /* JPushTableCellView.m in Sources */,
				D297EE9C1DE57863007C0AC4 /* JDradualLoadingView.m in Sources */,
				D297EE9A1DE57863007C0AC4 /* JControlLoadingCircleLayer.m in Sources */,
			);
			runOnlyForDeploymentPostprocessing = 0;
		};
		D297EE6B1DE57807007C0AC4 /* Sources */ = {
			isa = PBXSourcesBuildPhase;
			buildActionMask = 2147483647;
			files = (
				D297EE741DE57807007C0AC4 /* JCombineLoadingAnimationTests.m in Sources */,
			);
			runOnlyForDeploymentPostprocessing = 0;
		};
		D297EE761DE57807007C0AC4 /* Sources */ = {
			isa = PBXSourcesBuildPhase;
			buildActionMask = 2147483647;
			files = (
				D297EE7F1DE57807007C0AC4 /* JCombineLoadingAnimationUITests.m in Sources */,
			);
			runOnlyForDeploymentPostprocessing = 0;
		};
/* End PBXSourcesBuildPhase section */

/* Begin PBXTargetDependency section */
		D297EE711DE57807007C0AC4 /* PBXTargetDependency */ = {
			isa = PBXTargetDependency;
			target = D297EE551DE57807007C0AC4 /* JCombineLoadingAnimation */;
			targetProxy = D297EE701DE57807007C0AC4 /* PBXContainerItemProxy */;
		};
		D297EE7C1DE57807007C0AC4 /* PBXTargetDependency */ = {
			isa = PBXTargetDependency;
			target = D297EE551DE57807007C0AC4 /* JCombineLoadingAnimation */;
			targetProxy = D297EE7B1DE57807007C0AC4 /* PBXContainerItemProxy */;
		};
/* End PBXTargetDependency section */

/* Begin PBXVariantGroup section */
		D297EE671DE57807007C0AC4 /* LaunchScreen.storyboard */ = {
			isa = PBXVariantGroup;
			children = (
				D297EE681DE57807007C0AC4 /* Base */,
			);
			name = LaunchScreen.storyboard;
			sourceTree = "<group>";
		};
/* End PBXVariantGroup section */

/* Begin XCBuildConfiguration section */
		D297EE811DE57807007C0AC4 /* Debug */ = {
			isa = XCBuildConfiguration;
			buildSettings = {
				ALWAYS_SEARCH_USER_PATHS = NO;
				CLANG_ANALYZER_NONNULL = YES;
				CLANG_CXX_LANGUAGE_STANDARD = "gnu++0x";
				CLANG_CXX_LIBRARY = "libc++";
				CLANG_ENABLE_MODULES = YES;
				CLANG_ENABLE_OBJC_ARC = YES;
				CLANG_WARN_BOOL_CONVERSION = YES;
				CLANG_WARN_CONSTANT_CONVERSION = YES;
				CLANG_WARN_DIRECT_OBJC_ISA_USAGE = YES_ERROR;
				CLANG_WARN_DOCUMENTATION_COMMENTS = YES;
				CLANG_WARN_EMPTY_BODY = YES;
				CLANG_WARN_ENUM_CONVERSION = YES;
				CLANG_WARN_INFINITE_RECURSION = YES;
				CLANG_WARN_INT_CONVERSION = YES;
				CLANG_WARN_OBJC_ROOT_CLASS = YES_ERROR;
				CLANG_WARN_SUSPICIOUS_MOVES = YES;
				CLANG_WARN_UNREACHABLE_CODE = YES;
				CLANG_WARN__DUPLICATE_METHOD_MATCH = YES;
				"CODE_SIGN_IDENTITY[sdk=iphoneos*]" = "iPhone Developer";
				COPY_PHASE_STRIP = NO;
				DEBUG_INFORMATION_FORMAT = dwarf;
				ENABLE_STRICT_OBJC_MSGSEND = YES;
				ENABLE_TESTABILITY = YES;
				GCC_C_LANGUAGE_STANDARD = gnu99;
				GCC_DYNAMIC_NO_PIC = NO;
				GCC_NO_COMMON_BLOCKS = YES;
				GCC_OPTIMIZATION_LEVEL = 0;
				GCC_PREPROCESSOR_DEFINITIONS = (
					"DEBUG=1",
					"$(inherited)",
				);
				GCC_WARN_64_TO_32_BIT_CONVERSION = YES;
				GCC_WARN_ABOUT_RETURN_TYPE = YES_ERROR;
				GCC_WARN_UNDECLARED_SELECTOR = YES;
				GCC_WARN_UNINITIALIZED_AUTOS = YES_AGGRESSIVE;
				GCC_WARN_UNUSED_FUNCTION = YES;
				GCC_WARN_UNUSED_VARIABLE = YES;
				IPHONEOS_DEPLOYMENT_TARGET = 10.1;
				MTL_ENABLE_DEBUG_INFO = YES;
				ONLY_ACTIVE_ARCH = YES;
				SDKROOT = iphoneos;
			};
			name = Debug;
		};
		D297EE821DE57807007C0AC4 /* Release */ = {
			isa = XCBuildConfiguration;
			buildSettings = {
				ALWAYS_SEARCH_USER_PATHS = NO;
				CLANG_ANALYZER_NONNULL = YES;
				CLANG_CXX_LANGUAGE_STANDARD = "gnu++0x";
				CLANG_CXX_LIBRARY = "libc++";
				CLANG_ENABLE_MODULES = YES;
				CLANG_ENABLE_OBJC_ARC = YES;
				CLANG_WARN_BOOL_CONVERSION = YES;
				CLANG_WARN_CONSTANT_CONVERSION = YES;
				CLANG_WARN_DIRECT_OBJC_ISA_USAGE = YES_ERROR;
				CLANG_WARN_DOCUMENTATION_COMMENTS = YES;
				CLANG_WARN_EMPTY_BODY = YES;
				CLANG_WARN_ENUM_CONVERSION = YES;
				CLANG_WARN_INFINITE_RECURSION = YES;
				CLANG_WARN_INT_CONVERSION = YES;
				CLANG_WARN_OBJC_ROOT_CLASS = YES_ERROR;
				CLANG_WARN_SUSPICIOUS_MOVES = YES;
				CLANG_WARN_UNREACHABLE_CODE = YES;
				CLANG_WARN__DUPLICATE_METHOD_MATCH = YES;
				"CODE_SIGN_IDENTITY[sdk=iphoneos*]" = "iPhone Developer";
				COPY_PHASE_STRIP = NO;
				DEBUG_INFORMATION_FORMAT = "dwarf-with-dsym";
				ENABLE_NS_ASSERTIONS = NO;
				ENABLE_STRICT_OBJC_MSGSEND = YES;
				GCC_C_LANGUAGE_STANDARD = gnu99;
				GCC_NO_COMMON_BLOCKS = YES;
				GCC_WARN_64_TO_32_BIT_CONVERSION = YES;
				GCC_WARN_ABOUT_RETURN_TYPE = YES_ERROR;
				GCC_WARN_UNDECLARED_SELECTOR = YES;
				GCC_WARN_UNINITIALIZED_AUTOS = YES_AGGRESSIVE;
				GCC_WARN_UNUSED_FUNCTION = YES;
				GCC_WARN_UNUSED_VARIABLE = YES;
				IPHONEOS_DEPLOYMENT_TARGET = 10.1;
				MTL_ENABLE_DEBUG_INFO = NO;
				SDKROOT = iphoneos;
				VALIDATE_PRODUCT = YES;
			};
			name = Release;
		};
		D297EE841DE57807007C0AC4 /* Debug */ = {
			isa = XCBuildConfiguration;
			buildSettings = {
				ASSETCATALOG_COMPILER_APPICON_NAME = AppIcon;
				DEVELOPMENT_TEAM = 79BDF8TB26;
				INFOPLIST_FILE = JCombineLoadingAnimation/Info.plist;
				LD_RUNPATH_SEARCH_PATHS = "$(inherited) @executable_path/Frameworks";
				PRODUCT_BUNDLE_IDENTIFIER = "github.com-mythkiven-.JCombineLoadingAnimation";
				PRODUCT_NAME = "$(TARGET_NAME)";
			};
			name = Debug;
		};
		D297EE851DE57807007C0AC4 /* Release */ = {
			isa = XCBuildConfiguration;
			buildSettings = {
				ASSETCATALOG_COMPILER_APPICON_NAME = AppIcon;
				DEVELOPMENT_TEAM = 79BDF8TB26;
				INFOPLIST_FILE = JCombineLoadingAnimation/Info.plist;
				LD_RUNPATH_SEARCH_PATHS = "$(inherited) @executable_path/Frameworks";
				PRODUCT_BUNDLE_IDENTIFIER = "github.com-mythkiven-.JCombineLoadingAnimation";
				PRODUCT_NAME = "$(TARGET_NAME)";
			};
			name = Release;
		};
		D297EE871DE57807007C0AC4 /* Debug */ = {
			isa = XCBuildConfiguration;
			buildSettings = {
				BUNDLE_LOADER = "$(TEST_HOST)";
				DEVELOPMENT_TEAM = 79BDF8TB26;
				INFOPLIST_FILE = JCombineLoadingAnimationTests/Info.plist;
				LD_RUNPATH_SEARCH_PATHS = "$(inherited) @executable_path/Frameworks @loader_path/Frameworks";
				PRODUCT_BUNDLE_IDENTIFIER = "github.com-mythkiven-.JCombineLoadingAnimationTests";
				PRODUCT_NAME = "$(TARGET_NAME)";
				TEST_HOST = "$(BUILT_PRODUCTS_DIR)/JCombineLoadingAnimation.app/JCombineLoadingAnimation";
			};
			name = Debug;
		};
		D297EE881DE57807007C0AC4 /* Release */ = {
			isa = XCBuildConfiguration;
			buildSettings = {
				BUNDLE_LOADER = "$(TEST_HOST)";
				DEVELOPMENT_TEAM = 79BDF8TB26;
				INFOPLIST_FILE = JCombineLoadingAnimationTests/Info.plist;
				LD_RUNPATH_SEARCH_PATHS = "$(inherited) @executable_path/Frameworks @loader_path/Frameworks";
				PRODUCT_BUNDLE_IDENTIFIER = "github.com-mythkiven-.JCombineLoadingAnimationTests";
				PRODUCT_NAME = "$(TARGET_NAME)";
				TEST_HOST = "$(BUILT_PRODUCTS_DIR)/JCombineLoadingAnimation.app/JCombineLoadingAnimation";
			};
			name = Release;
		};
		D297EE8A1DE57807007C0AC4 /* Debug */ = {
			isa = XCBuildConfiguration;
			buildSettings = {
				DEVELOPMENT_TEAM = 79BDF8TB26;
				INFOPLIST_FILE = JCombineLoadingAnimationUITests/Info.plist;
				LD_RUNPATH_SEARCH_PATHS = "$(inherited) @executable_path/Frameworks @loader_path/Frameworks";
				PRODUCT_BUNDLE_IDENTIFIER = "github.com-mythkiven-.JCombineLoadingAnimationUITests";
				PRODUCT_NAME = "$(TARGET_NAME)";
				TEST_TARGET_NAME = JCombineLoadingAnimation;
			};
			name = Debug;
		};
		D297EE8B1DE57807007C0AC4 /* Release */ = {
			isa = XCBuildConfiguration;
			buildSettings = {
				DEVELOPMENT_TEAM = 79BDF8TB26;
				INFOPLIST_FILE = JCombineLoadingAnimationUITests/Info.plist;
				LD_RUNPATH_SEARCH_PATHS = "$(inherited) @executable_path/Frameworks @loader_path/Frameworks";
				PRODUCT_BUNDLE_IDENTIFIER = "github.com-mythkiven-.JCombineLoadingAnimationUITests";
				PRODUCT_NAME = "$(TARGET_NAME)";
				TEST_TARGET_NAME = JCombineLoadingAnimation;
			};
			name = Release;
		};
/* End XCBuildConfiguration section */

/* Begin XCConfigurationList section */
		D297EE511DE57807007C0AC4 /* Build configuration list for PBXProject "JCombineLoadingAnimation" */ = {
			isa = XCConfigurationList;
			buildConfigurations = (
				D297EE811DE57807007C0AC4 /* Debug */,
				D297EE821DE57807007C0AC4 /* Release */,
			);
			defaultConfigurationIsVisible = 0;
			defaultConfigurationName = Release;
		};
		D297EE831DE57807007C0AC4 /* Build configuration list for PBXNativeTarget "JCombineLoadingAnimation" */ = {
			isa = XCConfigurationList;
			buildConfigurations = (
				D297EE841DE57807007C0AC4 /* Debug */,
				D297EE851DE57807007C0AC4 /* Release */,
			);
			defaultConfigurationIsVisible = 0;
			defaultConfigurationName = Release;
		};
		D297EE861DE57807007C0AC4 /* Build configuration list for PBXNativeTarget "JCombineLoadingAnimationTests" */ = {
			isa = XCConfigurationList;
			buildConfigurations = (
				D297EE871DE57807007C0AC4 /* Debug */,
				D297EE881DE57807007C0AC4 /* Release */,
			);
			defaultConfigurationIsVisible = 0;
			defaultConfigurationName = Release;
		};
		D297EE891DE57807007C0AC4 /* Build configuration list for PBXNativeTarget "JCombineLoadingAnimationUITests" */ = {
			isa = XCConfigurationList;
			buildConfigurations = (
				D297EE8A1DE57807007C0AC4 /* Debug */,
				D297EE8B1DE57807007C0AC4 /* Release */,
			);
			defaultConfigurationIsVisible = 0;
			defaultConfigurationName = Release;
		};
/* End XCConfigurationList section */
	};
	rootObject = D297EE4E1DE57807007C0AC4 /* Project object */;
}
